// !$*UTF8*$!
{
	archiveVersion = 1;
	classes = {
	};
	objectVersion = 46;
	objects = {

/* Begin PBXBuildFile section */
		1D091F04177D2284001BCCC6 /* Foundation.framework in Frameworks */ = {isa = PBXBuildFile; fileRef = 1D72DAC8175942BA0020E96C /* Foundation.framework */; };
		1D091F28177D231C001BCCC6 /* CGIPersistantObject.m in Sources */ = {isa = PBXBuildFile; fileRef = 1DA56E81177C1B6E00EBE5DD /* CGIPersistantObject.m */; };
		1D091F29177D231C001BCCC6 /* CGIRemoteConnection.m in Sources */ = {isa = PBXBuildFile; fileRef = 1DA56E8E177C1CCF00EBE5DD /* CGIRemoteConnection.m */; };
		1D091F2A177D231C001BCCC6 /* CGIRemoteObject.m in Sources */ = {isa = PBXBuildFile; fileRef = 1DA56E90177C1CCF00EBE5DD /* CGIRemoteObject.m */; };
		1D091F2B177D2331001BCCC6 /* CGIJSONObject.h in Headers */ = {isa = PBXBuildFile; fileRef = 1DA56E7F177C1B6E00EBE5DD /* CGIJSONObject.h */; settings = {ATTRIBUTES = (Public, ); }; };
		1D091F2C177D2331001BCCC6 /* CGIPersistantObject.h in Headers */ = {isa = PBXBuildFile; fileRef = 1DA56E80177C1B6E00EBE5DD /* CGIPersistantObject.h */; settings = {ATTRIBUTES = (Public, ); }; };
		1D091F2D177D2331001BCCC6 /* CGIRemoteConnection.h in Headers */ = {isa = PBXBuildFile; fileRef = 1DA56E8D177C1CCF00EBE5DD /* CGIRemoteConnection.h */; settings = {ATTRIBUTES = (Public, ); }; };
		1D091F2E177D2331001BCCC6 /* CGIRemoteObject.h in Headers */ = {isa = PBXBuildFile; fileRef = 1DA56E8F177C1CCF00EBE5DD /* CGIRemoteObject.h */; settings = {ATTRIBUTES = (Public, ); }; };
		1D091F2F177D2339001BCCC6 /* CGICommon.h in Headers */ = {isa = PBXBuildFile; fileRef = 1D72DAB6175923480020E96C /* CGICommon.h */; settings = {ATTRIBUTES = (Public, ); }; };
		1D303BC31798D774001882AB /* NSDictionary+DCPersistance.h in Headers */ = {isa = PBXBuildFile; fileRef = 1D303BC11798D774001882AB /* NSDictionary+DCPersistance.h */; settings = {ATTRIBUTES = (Public, ); }; };
		1D303BC41798D774001882AB /* NSDictionary+DCPersistance.h in Headers */ = {isa = PBXBuildFile; fileRef = 1D303BC11798D774001882AB /* NSDictionary+DCPersistance.h */; settings = {ATTRIBUTES = (Public, ); }; };
		1D303BC51798D774001882AB /* NSDictionary+DCPersistance.m in Sources */ = {isa = PBXBuildFile; fileRef = 1D303BC21798D774001882AB /* NSDictionary+DCPersistance.m */; };
		1D303BC61798D774001882AB /* NSDictionary+DCPersistance.m in Sources */ = {isa = PBXBuildFile; fileRef = 1D303BC21798D774001882AB /* NSDictionary+DCPersistance.m */; };
		1D72DAA4175923090020E96C /* Cocoa.framework in Frameworks */ = {isa = PBXBuildFile; fileRef = 1D72DAA3175923090020E96C /* Cocoa.framework */; };
		1D72DAAE175923090020E96C /* InfoPlist.strings in Resources */ = {isa = PBXBuildFile; fileRef = 1D72DAAC175923090020E96C /* InfoPlist.strings */; };
		1D72DAB91759259A0020E96C /* CGIApplication.h in Headers */ = {isa = PBXBuildFile; fileRef = 1D72DAB71759259A0020E96C /* CGIApplication.h */; settings = {ATTRIBUTES = (Public, ); }; };
		1D72DABA1759259A0020E96C /* CGIApplication.m in Sources */ = {isa = PBXBuildFile; fileRef = 1D72DAB81759259A0020E96C /* CGIApplication.m */; };
		1D72DABB175925C90020E96C /* CGIKit.h in Headers */ = {isa = PBXBuildFile; fileRef = 1D72DAB0175923090020E96C /* CGIKit.h */; settings = {ATTRIBUTES = (Public, ); }; };
		1D72DABC175925C90020E96C /* CGICommon.h in Headers */ = {isa = PBXBuildFile; fileRef = 1D72DAB6175923480020E96C /* CGICommon.h */; settings = {ATTRIBUTES = (Public, ); }; };
		1D72DABE175931570020E96C /* CGICommon_Private.h in Headers */ = {isa = PBXBuildFile; fileRef = 1D72DABD175931570020E96C /* CGICommon_Private.h */; settings = {ATTRIBUTES = (Public, ); }; };
		1D72DAC9175942BA0020E96C /* Foundation.framework in Frameworks */ = {isa = PBXBuildFile; fileRef = 1D72DAC8175942BA0020E96C /* Foundation.framework */; };
		1D72DACC175942BB0020E96C /* main.c in Sources */ = {isa = PBXBuildFile; fileRef = 1D72DACB175942BB0020E96C /* main.c */; };
		1D72DAD0175942BB0020E96C /* CGITest.1 in CopyFiles */ = {isa = PBXBuildFile; fileRef = 1D72DACF175942BB0020E96C /* CGITest.1 */; };
		1D72DAD4175942D60020E96C /* CGIKit.framework in Frameworks */ = {isa = PBXBuildFile; fileRef = 1D72DAA0175923090020E96C /* CGIKit.framework */; };
		1D72DAD7175944590020E96C /* CGITestApplicationDelegate.m in Sources */ = {isa = PBXBuildFile; fileRef = 1D72DAD6175944590020E96C /* CGITestApplicationDelegate.m */; };
		1D72DADB175947F60020E96C /* GNUmakefile in Resources */ = {isa = PBXBuildFile; fileRef = 1D72DADA175947F60020E96C /* GNUmakefile */; };
		1D72DAE5175951020020E96C /* Foundation.framework in Frameworks */ = {isa = PBXBuildFile; fileRef = 1D72DAC8175942BA0020E96C /* Foundation.framework */; };
		1D72DAE8175951020020E96C /* main.c in Sources */ = {isa = PBXBuildFile; fileRef = 1D72DAE7175951020020E96C /* main.c */; };
		1D72DAEC175951020020E96C /* CGISwagList.1 in CopyFiles */ = {isa = PBXBuildFile; fileRef = 1D72DAEB175951020020E96C /* CGISwagList.1 */; };
		1D72DAF0175951210020E96C /* CGIKit.framework in Frameworks */ = {isa = PBXBuildFile; fileRef = 1D72DAA0175923090020E96C /* CGIKit.framework */; };
		1D72DAF3175951550020E96C /* CGISwagDelegate.m in Sources */ = {isa = PBXBuildFile; fileRef = 1D72DAF2175951550020E96C /* CGISwagDelegate.m */; };
		1D72DAFB17597D500020E96C /* CGIFastApplication.h in Headers */ = {isa = PBXBuildFile; fileRef = 1D72DAF917597D500020E96C /* CGIFastApplication.h */; settings = {ATTRIBUTES = (Public, ); }; };
		1D72DAFC17597D500020E96C /* CGIFastApplication.m in Sources */ = {isa = PBXBuildFile; fileRef = 1D72DAFA17597D500020E96C /* CGIFastApplication.m */; };
		1D72DAFE175A234E0020E96C /* CGICommon.c in Sources */ = {isa = PBXBuildFile; fileRef = 1D72DAFD175A234D0020E96C /* CGICommon.c */; };
		1D72DB01175A23D10020E96C /* CGIHTTPRequest.h in Headers */ = {isa = PBXBuildFile; fileRef = 1D72DAFF175A23D00020E96C /* CGIHTTPRequest.h */; settings = {ATTRIBUTES = (Public, ); }; };
		1D72DB02175A23D10020E96C /* CGIHTTPRequest.m in Sources */ = {isa = PBXBuildFile; fileRef = 1D72DB00175A23D00020E96C /* CGIHTTPRequest.m */; };
		1D81FA0A178BA30A006AB2D0 /* Cocoa.framework in Frameworks */ = {isa = PBXBuildFile; fileRef = 1D72DAA3175923090020E96C /* Cocoa.framework */; };
		1D81FA10178BA30A006AB2D0 /* InfoPlist.strings in Resources */ = {isa = PBXBuildFile; fileRef = 1D81FA0E178BA30A006AB2D0 /* InfoPlist.strings */; };
		1DA56E5B177C1B2B00EBE5DD /* Cocoa.framework in Frameworks */ = {isa = PBXBuildFile; fileRef = 1D72DAA3175923090020E96C /* Cocoa.framework */; };
		1DA56E61177C1B2B00EBE5DD /* InfoPlist.strings in Resources */ = {isa = PBXBuildFile; fileRef = 1DA56E5F177C1B2B00EBE5DD /* InfoPlist.strings */; };
		1DA56E85177C1B6E00EBE5DD /* CGIJSONObject.h in Headers */ = {isa = PBXBuildFile; fileRef = 1DA56E7F177C1B6E00EBE5DD /* CGIJSONObject.h */; settings = {ATTRIBUTES = (Public, ); }; };
		1DA56E86177C1B6E00EBE5DD /* CGIPersistantObject.h in Headers */ = {isa = PBXBuildFile; fileRef = 1DA56E80177C1B6E00EBE5DD /* CGIPersistantObject.h */; settings = {ATTRIBUTES = (Public, ); }; };
		1DA56E87177C1B6E00EBE5DD /* CGIPersistantObject.m in Sources */ = {isa = PBXBuildFile; fileRef = 1DA56E81177C1B6E00EBE5DD /* CGIPersistantObject.m */; };
		1DA56E88177C1B6E00EBE5DD /* GNUmakefile in Resources */ = {isa = PBXBuildFile; fileRef = 1DA56E82177C1B6E00EBE5DD /* GNUmakefile */; };
		1DA56E89177C1B6E00EBE5DD /* GNUmakefile.postamble in Resources */ = {isa = PBXBuildFile; fileRef = 1DA56E83177C1B6E00EBE5DD /* GNUmakefile.postamble */; };
		1DA56E8A177C1B6E00EBE5DD /* GNUmakefile.preamble in Resources */ = {isa = PBXBuildFile; fileRef = 1DA56E84177C1B6E00EBE5DD /* GNUmakefile.preamble */; };
		1DA56E8C177C1BAF00EBE5DD /* CGIKit.framework in Frameworks */ = {isa = PBXBuildFile; fileRef = 1D72DAA0175923090020E96C /* CGIKit.framework */; };
		1DA56E91177C1CCF00EBE5DD /* CGIRemoteConnection.h in Headers */ = {isa = PBXBuildFile; fileRef = 1DA56E8D177C1CCF00EBE5DD /* CGIRemoteConnection.h */; settings = {ATTRIBUTES = (Public, ); }; };
		1DA56E92177C1CCF00EBE5DD /* CGIRemoteConnection.m in Sources */ = {isa = PBXBuildFile; fileRef = 1DA56E8E177C1CCF00EBE5DD /* CGIRemoteConnection.m */; };
		1DA56E93177C1CCF00EBE5DD /* CGIRemoteObject.h in Headers */ = {isa = PBXBuildFile; fileRef = 1DA56E8F177C1CCF00EBE5DD /* CGIRemoteObject.h */; settings = {ATTRIBUTES = (Public, ); }; };
		1DA56E94177C1CCF00EBE5DD /* CGIRemoteObject.m in Sources */ = {isa = PBXBuildFile; fileRef = 1DA56E90177C1CCF00EBE5DD /* CGIRemoteObject.m */; };
		1DAD9DA61784FC9600B52C72 /* NSData+DCPersistance.h in Headers */ = {isa = PBXBuildFile; fileRef = 1DAD9DA01784FC9600B52C72 /* NSData+DCPersistance.h */; settings = {ATTRIBUTES = (Public, ); }; };
		1DAD9DA71784FC9600B52C72 /* NSData+DCPersistance.h in Headers */ = {isa = PBXBuildFile; fileRef = 1DAD9DA01784FC9600B52C72 /* NSData+DCPersistance.h */; settings = {ATTRIBUTES = (Public, ); }; };
		1DAD9DA81784FC9600B52C72 /* NSData+DCPersistance.m in Sources */ = {isa = PBXBuildFile; fileRef = 1DAD9DA11784FC9600B52C72 /* NSData+DCPersistance.m */; };
		1DAD9DA91784FC9600B52C72 /* NSData+DCPersistance.m in Sources */ = {isa = PBXBuildFile; fileRef = 1DAD9DA11784FC9600B52C72 /* NSData+DCPersistance.m */; };
		1DAD9DAA1784FC9600B52C72 /* NSDate+DCPersistance.h in Headers */ = {isa = PBXBuildFile; fileRef = 1DAD9DA21784FC9600B52C72 /* NSDate+DCPersistance.h */; settings = {ATTRIBUTES = (Public, ); }; };
		1DAD9DAB1784FC9600B52C72 /* NSDate+DCPersistance.h in Headers */ = {isa = PBXBuildFile; fileRef = 1DAD9DA21784FC9600B52C72 /* NSDate+DCPersistance.h */; settings = {ATTRIBUTES = (Public, ); }; };
		1DAD9DAC1784FC9600B52C72 /* NSDate+DCPersistance.m in Sources */ = {isa = PBXBuildFile; fileRef = 1DAD9DA31784FC9600B52C72 /* NSDate+DCPersistance.m */; };
		1DAD9DAD1784FC9600B52C72 /* NSDate+DCPersistance.m in Sources */ = {isa = PBXBuildFile; fileRef = 1DAD9DA31784FC9600B52C72 /* NSDate+DCPersistance.m */; };
		1DAD9DAE1784FC9600B52C72 /* NSURL+DCPersistance.h in Headers */ = {isa = PBXBuildFile; fileRef = 1DAD9DA41784FC9600B52C72 /* NSURL+DCPersistance.h */; settings = {ATTRIBUTES = (Public, ); }; };
		1DAD9DAF1784FC9600B52C72 /* NSURL+DCPersistance.h in Headers */ = {isa = PBXBuildFile; fileRef = 1DAD9DA41784FC9600B52C72 /* NSURL+DCPersistance.h */; settings = {ATTRIBUTES = (Public, ); }; };
		1DAD9DB01784FC9600B52C72 /* NSURL+DCPersistance.m in Sources */ = {isa = PBXBuildFile; fileRef = 1DAD9DA51784FC9600B52C72 /* NSURL+DCPersistance.m */; };
		1DAD9DB11784FC9600B52C72 /* NSURL+DCPersistance.m in Sources */ = {isa = PBXBuildFile; fileRef = 1DAD9DA51784FC9600B52C72 /* NSURL+DCPersistance.m */; };
		1DBA0B47179544E900E760E5 /* libfcgi.a in Frameworks */ = {isa = PBXBuildFile; fileRef = 1DBA0B46179544E900E760E5 /* libfcgi.a */; };
		1DDED8E3177BCA91001CD4FD /* CGIHTTPResponse.h in Headers */ = {isa = PBXBuildFile; fileRef = 1DDED8E1177BCA91001CD4FD /* CGIHTTPResponse.h */; settings = {ATTRIBUTES = (Public, ); }; };
		1DDED8E4177BCA91001CD4FD /* CGIHTTPResponse.m in Sources */ = {isa = PBXBuildFile; fileRef = 1DDED8E2177BCA91001CD4FD /* CGIHTTPResponse.m */; };
		1DE700E81796E5A70011EDBF /* CGIServerObject.h in Headers */ = {isa = PBXBuildFile; fileRef = 1DE700E61796E5A70011EDBF /* CGIServerObject.h */; settings = {ATTRIBUTES = (Public, ); }; };
		1DE700E91796E5A70011EDBF /* CGIServerObject.m in Sources */ = {isa = PBXBuildFile; fileRef = 1DE700E71796E5A70011EDBF /* CGIServerObject.m */; };
		1DE700F01796F13A0011EDBF /* CGIMethodApplication.h in Headers */ = {isa = PBXBuildFile; fileRef = 1DE700EE1796F13A0011EDBF /* CGIMethodApplication.h */; settings = {ATTRIBUTES = (Public, ); }; };
		1DE700F11796F13A0011EDBF /* CGIMethodApplication.m in Sources */ = {isa = PBXBuildFile; fileRef = 1DE700EF1796F13A0011EDBF /* CGIMethodApplication.m */; };
/* End PBXBuildFile section */

/* Begin PBXCopyFilesBuildPhase section */
		1D72DAC5175942BA0020E96C /* CopyFiles */ = {
			isa = PBXCopyFilesBuildPhase;
			buildActionMask = 2147483647;
			dstPath = /usr/share/man/man1/;
			dstSubfolderSpec = 0;
			files = (
				1D72DAD0175942BB0020E96C /* CGITest.1 in CopyFiles */,
			);
			runOnlyForDeploymentPostprocessing = 1;
		};
		1D72DAE2175951020020E96C /* CopyFiles */ = {
			isa = PBXCopyFilesBuildPhase;
			buildActionMask = 2147483647;
			dstPath = /usr/share/man/man1/;
			dstSubfolderSpec = 0;
			files = (
				1D72DAEC175951020020E96C /* CGISwagList.1 in CopyFiles */,
			);
			runOnlyForDeploymentPostprocessing = 1;
		};
/* End PBXCopyFilesBuildPhase section */

/* Begin PBXFileReference section */
		1D091F03177D2284001BCCC6 /* CGIJSONObject.framework */ = {isa = PBXFileReference; explicitFileType = wrapper.framework.static; includeInIndex = 0; path = CGIJSONObject.framework; sourceTree = BUILT_PRODUCTS_DIR; };
		1D091F13177D2284001BCCC6 /* UIKit.framework */ = {isa = PBXFileReference; lastKnownFileType = wrapper.framework; name = UIKit.framework; path = Library/Frameworks/UIKit.framework; sourceTree = DEVELOPER_DIR; };
		1D303BC11798D774001882AB /* NSDictionary+DCPersistance.h */ = {isa = PBXFileReference; fileEncoding = 4; lastKnownFileType = sourcecode.c.h; path = "NSDictionary+DCPersistance.h"; sourceTree = "<group>"; };
		1D303BC21798D774001882AB /* NSDictionary+DCPersistance.m */ = {isa = PBXFileReference; fileEncoding = 4; lastKnownFileType = sourcecode.c.objc; path = "NSDictionary+DCPersistance.m"; sourceTree = "<group>"; };
		1D72DAA0175923090020E96C /* CGIKit.framework */ = {isa = PBXFileReference; explicitFileType = wrapper.framework; includeInIndex = 0; path = CGIKit.framework; sourceTree = BUILT_PRODUCTS_DIR; };
		1D72DAA3175923090020E96C /* Cocoa.framework */ = {isa = PBXFileReference; lastKnownFileType = wrapper.framework; name = Cocoa.framework; path = System/Library/Frameworks/Cocoa.framework; sourceTree = SDKROOT; };
		1D72DAA6175923090020E96C /* AppKit.framework */ = {isa = PBXFileReference; lastKnownFileType = wrapper.framework; name = AppKit.framework; path = System/Library/Frameworks/AppKit.framework; sourceTree = SDKROOT; };
		1D72DAA7175923090020E96C /* CoreData.framework */ = {isa = PBXFileReference; lastKnownFileType = wrapper.framework; name = CoreData.framework; path = System/Library/Frameworks/CoreData.framework; sourceTree = SDKROOT; };
		1D72DAA8175923090020E96C /* Foundation.framework */ = {isa = PBXFileReference; lastKnownFileType = wrapper.framework; name = Foundation.framework; path = System/Library/Frameworks/Foundation.framework; sourceTree = SDKROOT; };
		1D72DAAB175923090020E96C /* CGIKit-Info.plist */ = {isa = PBXFileReference; lastKnownFileType = text.plist.xml; path = "CGIKit-Info.plist"; sourceTree = "<group>"; };
		1D72DAAD175923090020E96C /* en */ = {isa = PBXFileReference; lastKnownFileType = text.plist.strings; name = en; path = en.lproj/InfoPlist.strings; sourceTree = "<group>"; };
		1D72DAB0175923090020E96C /* CGIKit.h */ = {isa = PBXFileReference; lastKnownFileType = sourcecode.c.h; path = CGIKit.h; sourceTree = "<group>"; };
		1D72DAB6175923480020E96C /* CGICommon.h */ = {isa = PBXFileReference; lastKnownFileType = sourcecode.c.h; path = CGICommon.h; sourceTree = "<group>"; };
		1D72DAB71759259A0020E96C /* CGIApplication.h */ = {isa = PBXFileReference; fileEncoding = 4; lastKnownFileType = sourcecode.c.h; path = CGIApplication.h; sourceTree = "<group>"; };
		1D72DAB81759259A0020E96C /* CGIApplication.m */ = {isa = PBXFileReference; fileEncoding = 4; lastKnownFileType = sourcecode.c.objc; path = CGIApplication.m; sourceTree = "<group>"; };
		1D72DABD175931570020E96C /* CGICommon_Private.h */ = {isa = PBXFileReference; fileEncoding = 4; lastKnownFileType = sourcecode.c.h; path = CGICommon_Private.h; sourceTree = "<group>"; };
		1D72DAC7175942BA0020E96C /* CGITest.cgi */ = {isa = PBXFileReference; explicitFileType = "compiled.mach-o.executable"; includeInIndex = 0; path = CGITest.cgi; sourceTree = BUILT_PRODUCTS_DIR; };
		1D72DAC8175942BA0020E96C /* Foundation.framework */ = {isa = PBXFileReference; lastKnownFileType = wrapper.framework; name = Foundation.framework; path = System/Library/Frameworks/Foundation.framework; sourceTree = SDKROOT; };
		1D72DACB175942BB0020E96C /* main.c */ = {isa = PBXFileReference; lastKnownFileType = sourcecode.c.c; path = main.c; sourceTree = "<group>"; };
		1D72DACE175942BB0020E96C /* CGITest-Prefix.pch */ = {isa = PBXFileReference; lastKnownFileType = sourcecode.c.h; path = "CGITest-Prefix.pch"; sourceTree = "<group>"; };
		1D72DACF175942BB0020E96C /* CGITest.1 */ = {isa = PBXFileReference; lastKnownFileType = text.man; path = CGITest.1; sourceTree = "<group>"; };
		1D72DAD5175944590020E96C /* CGITestApplicationDelegate.h */ = {isa = PBXFileReference; fileEncoding = 4; lastKnownFileType = sourcecode.c.h; path = CGITestApplicationDelegate.h; sourceTree = "<group>"; };
		1D72DAD6175944590020E96C /* CGITestApplicationDelegate.m */ = {isa = PBXFileReference; fileEncoding = 4; lastKnownFileType = sourcecode.c.objc; path = CGITestApplicationDelegate.m; sourceTree = "<group>"; };
		1D72DAD8175947430020E96C /* .gitignore */ = {isa = PBXFileReference; fileEncoding = 4; lastKnownFileType = text; path = .gitignore; sourceTree = "<group>"; };
		1D72DADA175947F60020E96C /* GNUmakefile */ = {isa = PBXFileReference; fileEncoding = 4; lastKnownFileType = text; path = GNUmakefile; sourceTree = "<group>"; usesTabs = 1; };
		1D72DADC1759494F0020E96C /* GNUmakefile */ = {isa = PBXFileReference; fileEncoding = 4; lastKnownFileType = text; path = GNUmakefile; sourceTree = "<group>"; };
		1D72DAE4175951020020E96C /* CGISwagList.cgi */ = {isa = PBXFileReference; explicitFileType = "compiled.mach-o.executable"; includeInIndex = 0; path = CGISwagList.cgi; sourceTree = BUILT_PRODUCTS_DIR; };
		1D72DAE7175951020020E96C /* main.c */ = {isa = PBXFileReference; lastKnownFileType = sourcecode.c.c; path = main.c; sourceTree = "<group>"; };
		1D72DAEB175951020020E96C /* CGISwagList.1 */ = {isa = PBXFileReference; lastKnownFileType = text.man; path = CGISwagList.1; sourceTree = "<group>"; };
		1D72DAF1175951550020E96C /* CGISwagDelegate.h */ = {isa = PBXFileReference; fileEncoding = 4; lastKnownFileType = sourcecode.c.h; path = CGISwagDelegate.h; sourceTree = "<group>"; };
		1D72DAF2175951550020E96C /* CGISwagDelegate.m */ = {isa = PBXFileReference; fileEncoding = 4; lastKnownFileType = sourcecode.c.objc; path = CGISwagDelegate.m; sourceTree = "<group>"; };
		1D72DAF41759523F0020E96C /* GNUmakefile */ = {isa = PBXFileReference; fileEncoding = 4; lastKnownFileType = text; path = GNUmakefile; sourceTree = "<group>"; };
		1D72DAF917597D500020E96C /* CGIFastApplication.h */ = {isa = PBXFileReference; fileEncoding = 4; lastKnownFileType = sourcecode.c.h; path = CGIFastApplication.h; sourceTree = "<group>"; };
		1D72DAFA17597D500020E96C /* CGIFastApplication.m */ = {isa = PBXFileReference; fileEncoding = 4; lastKnownFileType = sourcecode.c.objc; path = CGIFastApplication.m; sourceTree = "<group>"; };
		1D72DAFD175A234D0020E96C /* CGICommon.c */ = {isa = PBXFileReference; fileEncoding = 4; lastKnownFileType = sourcecode.c.c; path = CGICommon.c; sourceTree = "<group>"; };
		1D72DAFF175A23D00020E96C /* CGIHTTPRequest.h */ = {isa = PBXFileReference; fileEncoding = 4; lastKnownFileType = sourcecode.c.h; path = CGIHTTPRequest.h; sourceTree = "<group>"; };
		1D72DB00175A23D00020E96C /* CGIHTTPRequest.m */ = {isa = PBXFileReference; fileEncoding = 4; lastKnownFileType = sourcecode.c.objc; path = CGIHTTPRequest.m; sourceTree = "<group>"; };
		1D81FA09178BA30A006AB2D0 /* WebUIKit.framework */ = {isa = PBXFileReference; explicitFileType = wrapper.framework; includeInIndex = 0; path = WebUIKit.framework; sourceTree = BUILT_PRODUCTS_DIR; };
		1D81FA0D178BA30A006AB2D0 /* WebUIKit-Info.plist */ = {isa = PBXFileReference; lastKnownFileType = text.plist.xml; path = "WebUIKit-Info.plist"; sourceTree = "<group>"; };
		1D81FA0F178BA30A006AB2D0 /* en */ = {isa = PBXFileReference; lastKnownFileType = text.plist.strings; name = en; path = en.lproj/InfoPlist.strings; sourceTree = "<group>"; };
		1D81FA12178BA30A006AB2D0 /* WebUIKit.h */ = {isa = PBXFileReference; lastKnownFileType = sourcecode.c.h; path = WebUIKit.h; sourceTree = "<group>"; };
		1DA56E5A177C1B2B00EBE5DD /* CGIJSONObject.framework */ = {isa = PBXFileReference; explicitFileType = wrapper.framework; includeInIndex = 0; path = CGIJSONObject.framework; sourceTree = BUILT_PRODUCTS_DIR; };
		1DA56E5E177C1B2B00EBE5DD /* CGIJSONObject-Info.plist */ = {isa = PBXFileReference; lastKnownFileType = text.plist.xml; path = "CGIJSONObject-Info.plist"; sourceTree = "<group>"; };
		1DA56E60177C1B2B00EBE5DD /* en */ = {isa = PBXFileReference; lastKnownFileType = text.plist.strings; name = en; path = en.lproj/InfoPlist.strings; sourceTree = "<group>"; };
		1DA56E6B177C1B2B00EBE5DD /* XCTest.framework */ = {isa = PBXFileReference; lastKnownFileType = wrapper.framework; name = XCTest.framework; path = Library/Frameworks/XCTest.framework; sourceTree = DEVELOPER_DIR; };
		1DA56E7F177C1B6E00EBE5DD /* CGIJSONObject.h */ = {isa = PBXFileReference; fileEncoding = 4; lastKnownFileType = sourcecode.c.h; path = CGIJSONObject.h; sourceTree = "<group>"; };
		1DA56E80177C1B6E00EBE5DD /* CGIPersistantObject.h */ = {isa = PBXFileReference; fileEncoding = 4; lastKnownFileType = sourcecode.c.h; path = CGIPersistantObject.h; sourceTree = "<group>"; };
		1DA56E81177C1B6E00EBE5DD /* CGIPersistantObject.m */ = {isa = PBXFileReference; fileEncoding = 4; lastKnownFileType = sourcecode.c.objc; path = CGIPersistantObject.m; sourceTree = "<group>"; };
		1DA56E82177C1B6E00EBE5DD /* GNUmakefile */ = {isa = PBXFileReference; fileEncoding = 4; lastKnownFileType = text; path = GNUmakefile; sourceTree = "<group>"; };
		1DA56E83177C1B6E00EBE5DD /* GNUmakefile.postamble */ = {isa = PBXFileReference; fileEncoding = 4; lastKnownFileType = text; path = GNUmakefile.postamble; sourceTree = "<group>"; };
		1DA56E84177C1B6E00EBE5DD /* GNUmakefile.preamble */ = {isa = PBXFileReference; fileEncoding = 4; lastKnownFileType = text; path = GNUmakefile.preamble; sourceTree = "<group>"; };
		1DA56E8D177C1CCF00EBE5DD /* CGIRemoteConnection.h */ = {isa = PBXFileReference; fileEncoding = 4; lastKnownFileType = sourcecode.c.h; path = CGIRemoteConnection.h; sourceTree = "<group>"; };
		1DA56E8E177C1CCF00EBE5DD /* CGIRemoteConnection.m */ = {isa = PBXFileReference; fileEncoding = 4; lastKnownFileType = sourcecode.c.objc; path = CGIRemoteConnection.m; sourceTree = "<group>"; };
		1DA56E8F177C1CCF00EBE5DD /* CGIRemoteObject.h */ = {isa = PBXFileReference; fileEncoding = 4; lastKnownFileType = sourcecode.c.h; path = CGIRemoteObject.h; sourceTree = "<group>"; };
		1DA56E90177C1CCF00EBE5DD /* CGIRemoteObject.m */ = {isa = PBXFileReference; fileEncoding = 4; lastKnownFileType = sourcecode.c.objc; path = CGIRemoteObject.m; sourceTree = "<group>"; };
		1DAD9DA01784FC9600B52C72 /* NSData+DCPersistance.h */ = {isa = PBXFileReference; fileEncoding = 4; lastKnownFileType = sourcecode.c.h; path = "NSData+DCPersistance.h"; sourceTree = "<group>"; };
		1DAD9DA11784FC9600B52C72 /* NSData+DCPersistance.m */ = {isa = PBXFileReference; fileEncoding = 4; lastKnownFileType = sourcecode.c.objc; path = "NSData+DCPersistance.m"; sourceTree = "<group>"; };
		1DAD9DA21784FC9600B52C72 /* NSDate+DCPersistance.h */ = {isa = PBXFileReference; fileEncoding = 4; lastKnownFileType = sourcecode.c.h; path = "NSDate+DCPersistance.h"; sourceTree = "<group>"; };
		1DAD9DA31784FC9600B52C72 /* NSDate+DCPersistance.m */ = {isa = PBXFileReference; fileEncoding = 4; lastKnownFileType = sourcecode.c.objc; path = "NSDate+DCPersistance.m"; sourceTree = "<group>"; };
		1DAD9DA41784FC9600B52C72 /* NSURL+DCPersistance.h */ = {isa = PBXFileReference; fileEncoding = 4; lastKnownFileType = sourcecode.c.h; path = "NSURL+DCPersistance.h"; sourceTree = "<group>"; };
		1DAD9DA51784FC9600B52C72 /* NSURL+DCPersistance.m */ = {isa = PBXFileReference; fileEncoding = 4; lastKnownFileType = sourcecode.c.objc; path = "NSURL+DCPersistance.m"; sourceTree = "<group>"; };
		1DBA0B3F179544CC00E760E5 /* fastcgi.h */ = {isa = PBXFileReference; lastKnownFileType = sourcecode.c.h; path = fastcgi.h; sourceTree = "<group>"; };
		1DBA0B40179544CC00E760E5 /* fcgi_config.h */ = {isa = PBXFileReference; lastKnownFileType = sourcecode.c.h; path = fcgi_config.h; sourceTree = "<group>"; };
		1DBA0B41179544CC00E760E5 /* fcgi_stdio.h */ = {isa = PBXFileReference; lastKnownFileType = sourcecode.c.h; path = fcgi_stdio.h; sourceTree = "<group>"; };
		1DBA0B42179544CC00E760E5 /* fcgiapp.h */ = {isa = PBXFileReference; lastKnownFileType = sourcecode.c.h; path = fcgiapp.h; sourceTree = "<group>"; };
		1DBA0B43179544CC00E760E5 /* fcgimisc.h */ = {isa = PBXFileReference; lastKnownFileType = sourcecode.c.h; path = fcgimisc.h; sourceTree = "<group>"; };
		1DBA0B44179544CC00E760E5 /* fcgio.h */ = {isa = PBXFileReference; lastKnownFileType = sourcecode.c.h; path = fcgio.h; sourceTree = "<group>"; };
		1DBA0B45179544CC00E760E5 /* fcgios.h */ = {isa = PBXFileReference; lastKnownFileType = sourcecode.c.h; path = fcgios.h; sourceTree = "<group>"; };
		1DBA0B46179544E900E760E5 /* libfcgi.a */ = {isa = PBXFileReference; lastKnownFileType = archive.ar; path = libfcgi.a; sourceTree = "<group>"; };
		1DDED8E1177BCA91001CD4FD /* CGIHTTPResponse.h */ = {isa = PBXFileReference; fileEncoding = 4; lastKnownFileType = sourcecode.c.h; path = CGIHTTPResponse.h; sourceTree = "<group>"; };
		1DDED8E2177BCA91001CD4FD /* CGIHTTPResponse.m */ = {isa = PBXFileReference; fileEncoding = 4; lastKnownFileType = sourcecode.c.objc; path = CGIHTTPResponse.m; sourceTree = "<group>"; };
		1DE700E61796E5A70011EDBF /* CGIServerObject.h */ = {isa = PBXFileReference; fileEncoding = 4; lastKnownFileType = sourcecode.c.h; path = CGIServerObject.h; sourceTree = "<group>"; };
		1DE700E71796E5A70011EDBF /* CGIServerObject.m */ = {isa = PBXFileReference; fileEncoding = 4; lastKnownFileType = sourcecode.c.objc; path = CGIServerObject.m; sourceTree = "<group>"; };
		1DE700EE1796F13A0011EDBF /* CGIMethodApplication.h */ = {isa = PBXFileReference; fileEncoding = 4; lastKnownFileType = sourcecode.c.h; path = CGIMethodApplication.h; sourceTree = "<group>"; };
		1DE700EF1796F13A0011EDBF /* CGIMethodApplication.m */ = {isa = PBXFileReference; fileEncoding = 4; lastKnownFileType = sourcecode.c.objc; path = CGIMethodApplication.m; sourceTree = "<group>"; };
/* End PBXFileReference section */

/* Begin PBXFrameworksBuildPhase section */
		1D091EFD177D2284001BCCC6 /* Frameworks */ = {
			isa = PBXFrameworksBuildPhase;
			buildActionMask = 2147483647;
			files = (
				1D091F04177D2284001BCCC6 /* Foundation.framework in Frameworks */,
			);
			runOnlyForDeploymentPostprocessing = 0;
		};
		1D72DA9C175923090020E96C /* Frameworks */ = {
			isa = PBXFrameworksBuildPhase;
			buildActionMask = 2147483647;
			files = (
				1DBA0B47179544E900E760E5 /* libfcgi.a in Frameworks */,
				1D72DAA4175923090020E96C /* Cocoa.framework in Frameworks */,
			);
			runOnlyForDeploymentPostprocessing = 0;
		};
		1D72DAC4175942BA0020E96C /* Frameworks */ = {
			isa = PBXFrameworksBuildPhase;
			buildActionMask = 2147483647;
			files = (
				1D72DAD4175942D60020E96C /* CGIKit.framework in Frameworks */,
				1D72DAC9175942BA0020E96C /* Foundation.framework in Frameworks */,
			);
			runOnlyForDeploymentPostprocessing = 0;
		};
		1D72DAE1175951020020E96C /* Frameworks */ = {
			isa = PBXFrameworksBuildPhase;
			buildActionMask = 2147483647;
			files = (
				1D72DAF0175951210020E96C /* CGIKit.framework in Frameworks */,
				1D72DAE5175951020020E96C /* Foundation.framework in Frameworks */,
			);
			runOnlyForDeploymentPostprocessing = 0;
		};
		1D81FA05178BA30A006AB2D0 /* Frameworks */ = {
			isa = PBXFrameworksBuildPhase;
			buildActionMask = 2147483647;
			files = (
				1D81FA0A178BA30A006AB2D0 /* Cocoa.framework in Frameworks */,
			);
			runOnlyForDeploymentPostprocessing = 0;
		};
		1DA56E56177C1B2B00EBE5DD /* Frameworks */ = {
			isa = PBXFrameworksBuildPhase;
			buildActionMask = 2147483647;
			files = (
				1DA56E8C177C1BAF00EBE5DD /* CGIKit.framework in Frameworks */,
				1DA56E5B177C1B2B00EBE5DD /* Cocoa.framework in Frameworks */,
			);
			runOnlyForDeploymentPostprocessing = 0;
		};
/* End PBXFrameworksBuildPhase section */

/* Begin PBXGroup section */
		1D72DA94175922FD0020E96C = {
			isa = PBXGroup;
			children = (
				1D72DAD8175947430020E96C /* .gitignore */,
				1D72DAA9175923090020E96C /* CGIKit */,
				1D72DACA175942BA0020E96C /* CGITest */,
				1D72DAE6175951020020E96C /* CGISwagList */,
				1DA56E5C177C1B2B00EBE5DD /* CGIJSONObject */,
				1D81FA0B178BA30A006AB2D0 /* WebUIKit */,
				1D72DAA2175923090020E96C /* Frameworks */,
				1D72DAA1175923090020E96C /* Products */,
			);
			sourceTree = "<group>";
		};
		1D72DAA1175923090020E96C /* Products */ = {
			isa = PBXGroup;
			children = (
				1D72DAA0175923090020E96C /* CGIKit.framework */,
				1D72DAC7175942BA0020E96C /* CGITest.cgi */,
				1D72DAE4175951020020E96C /* CGISwagList.cgi */,
				1DA56E5A177C1B2B00EBE5DD /* CGIJSONObject.framework */,
				1D091F03177D2284001BCCC6 /* CGIJSONObject.framework */,
				1D81FA09178BA30A006AB2D0 /* WebUIKit.framework */,
			);
			name = Products;
			sourceTree = "<group>";
		};
		1D72DAA2175923090020E96C /* Frameworks */ = {
			isa = PBXGroup;
			children = (
				1DBA0B46179544E900E760E5 /* libfcgi.a */,
				1D72DAA3175923090020E96C /* Cocoa.framework */,
				1D72DAC8175942BA0020E96C /* Foundation.framework */,
				1DA56E6B177C1B2B00EBE5DD /* XCTest.framework */,
				1D091F13177D2284001BCCC6 /* UIKit.framework */,
				1D72DAA5175923090020E96C /* Other Frameworks */,
			);
			name = Frameworks;
			sourceTree = "<group>";
		};
		1D72DAA5175923090020E96C /* Other Frameworks */ = {
			isa = PBXGroup;
			children = (
				1D72DAA6175923090020E96C /* AppKit.framework */,
				1D72DAA7175923090020E96C /* CoreData.framework */,
				1D72DAA8175923090020E96C /* Foundation.framework */,
			);
			name = "Other Frameworks";
			sourceTree = "<group>";
		};
		1D72DAA9175923090020E96C /* CGIKit */ = {
			isa = PBXGroup;
			children = (
				1DBA0B3E1795449E00E760E5 /* fastcgi */,
				1D72DAB0175923090020E96C /* CGIKit.h */,
				1D72DAB6175923480020E96C /* CGICommon.h */,
				1D72DAFD175A234D0020E96C /* CGICommon.c */,
				1D72DABD175931570020E96C /* CGICommon_Private.h */,
				1D72DAB71759259A0020E96C /* CGIApplication.h */,
				1D72DAB81759259A0020E96C /* CGIApplication.m */,
				1D72DAF917597D500020E96C /* CGIFastApplication.h */,
				1D72DAFA17597D500020E96C /* CGIFastApplication.m */,
				1DE700EE1796F13A0011EDBF /* CGIMethodApplication.h */,
				1DE700EF1796F13A0011EDBF /* CGIMethodApplication.m */,
				1D72DAFF175A23D00020E96C /* CGIHTTPRequest.h */,
				1D72DB00175A23D00020E96C /* CGIHTTPRequest.m */,
				1DDED8E1177BCA91001CD4FD /* CGIHTTPResponse.h */,
				1DDED8E2177BCA91001CD4FD /* CGIHTTPResponse.m */,
				1D72DAD9175947E80020E96C /* Linux */,
				1D72DAAA175923090020E96C /* Supporting Files */,
			);
			path = CGIKit;
			sourceTree = "<group>";
		};
		1D72DAAA175923090020E96C /* Supporting Files */ = {
			isa = PBXGroup;
			children = (
				1D72DAAB175923090020E96C /* CGIKit-Info.plist */,
				1D72DAAC175923090020E96C /* InfoPlist.strings */,
			);
			name = "Supporting Files";
			sourceTree = "<group>";
		};
		1D72DACA175942BA0020E96C /* CGITest */ = {
			isa = PBXGroup;
			children = (
				1D72DACB175942BB0020E96C /* main.c */,
				1D72DAD5175944590020E96C /* CGITestApplicationDelegate.h */,
				1D72DAD6175944590020E96C /* CGITestApplicationDelegate.m */,
				1D72DACF175942BB0020E96C /* CGITest.1 */,
				1D72DADC1759494F0020E96C /* GNUmakefile */,
				1D72DACD175942BB0020E96C /* Supporting Files */,
			);
			path = CGITest;
			sourceTree = "<group>";
		};
		1D72DACD175942BB0020E96C /* Supporting Files */ = {
			isa = PBXGroup;
			children = (
				1D72DACE175942BB0020E96C /* CGITest-Prefix.pch */,
			);
			name = "Supporting Files";
			sourceTree = "<group>";
		};
		1D72DAD9175947E80020E96C /* Linux */ = {
			isa = PBXGroup;
			children = (
				1D72DADA175947F60020E96C /* GNUmakefile */,
			);
			name = Linux;
			sourceTree = "<group>";
		};
		1D72DAE6175951020020E96C /* CGISwagList */ = {
			isa = PBXGroup;
			children = (
				1D72DAE7175951020020E96C /* main.c */,
				1D72DAF1175951550020E96C /* CGISwagDelegate.h */,
				1D72DAF2175951550020E96C /* CGISwagDelegate.m */,
				1D72DAEB175951020020E96C /* CGISwagList.1 */,
				1D72DAF41759523F0020E96C /* GNUmakefile */,
				1D72DAE9175951020020E96C /* Supporting Files */,
			);
			path = CGISwagList;
			sourceTree = "<group>";
		};
		1D72DAE9175951020020E96C /* Supporting Files */ = {
			isa = PBXGroup;
			children = (
			);
			name = "Supporting Files";
			sourceTree = "<group>";
		};
		1D81FA0B178BA30A006AB2D0 /* WebUIKit */ = {
			isa = PBXGroup;
			children = (
				1D81FA12178BA30A006AB2D0 /* WebUIKit.h */,
				1D81FA0C178BA30A006AB2D0 /* Supporting Files */,
			);
			path = WebUIKit;
			sourceTree = "<group>";
		};
		1D81FA0C178BA30A006AB2D0 /* Supporting Files */ = {
			isa = PBXGroup;
			children = (
				1D81FA0D178BA30A006AB2D0 /* WebUIKit-Info.plist */,
				1D81FA0E178BA30A006AB2D0 /* InfoPlist.strings */,
			);
			name = "Supporting Files";
			sourceTree = "<group>";
		};
		1DA56E5C177C1B2B00EBE5DD /* CGIJSONObject */ = {
			isa = PBXGroup;
			children = (
				1DA56E7F177C1B6E00EBE5DD /* CGIJSONObject.h */,
				1DA56E80177C1B6E00EBE5DD /* CGIPersistantObject.h */,
				1DA56E81177C1B6E00EBE5DD /* CGIPersistantObject.m */,
				1DA56E8D177C1CCF00EBE5DD /* CGIRemoteConnection.h */,
				1DA56E8E177C1CCF00EBE5DD /* CGIRemoteConnection.m */,
				1DA56E8F177C1CCF00EBE5DD /* CGIRemoteObject.h */,
				1DA56E90177C1CCF00EBE5DD /* CGIRemoteObject.m */,
				1DE700E61796E5A70011EDBF /* CGIServerObject.h */,
				1DE700E71796E5A70011EDBF /* CGIServerObject.m */,
				1DAD9DA01784FC9600B52C72 /* NSData+DCPersistance.h */,
				1DAD9DA11784FC9600B52C72 /* NSData+DCPersistance.m */,
				1DAD9DA21784FC9600B52C72 /* NSDate+DCPersistance.h */,
				1DAD9DA31784FC9600B52C72 /* NSDate+DCPersistance.m */,
				1DAD9DA41784FC9600B52C72 /* NSURL+DCPersistance.h */,
				1DAD9DA51784FC9600B52C72 /* NSURL+DCPersistance.m */,
				1D303BC11798D774001882AB /* NSDictionary+DCPersistance.h */,
				1D303BC21798D774001882AB /* NSDictionary+DCPersistance.m */,
				1DA56E8B177C1B7700EBE5DD /* Linux */,
				1DA56E5D177C1B2B00EBE5DD /* Supporting Files */,
			);
			path = CGIJSONObject;
			sourceTree = "<group>";
		};
		1DA56E5D177C1B2B00EBE5DD /* Supporting Files */ = {
			isa = PBXGroup;
			children = (
				1DA56E5E177C1B2B00EBE5DD /* CGIJSONObject-Info.plist */,
				1DA56E5F177C1B2B00EBE5DD /* InfoPlist.strings */,
			);
			name = "Supporting Files";
			sourceTree = "<group>";
		};
		1DA56E8B177C1B7700EBE5DD /* Linux */ = {
			isa = PBXGroup;
			children = (
				1DA56E82177C1B6E00EBE5DD /* GNUmakefile */,
				1DA56E83177C1B6E00EBE5DD /* GNUmakefile.postamble */,
				1DA56E84177C1B6E00EBE5DD /* GNUmakefile.preamble */,
			);
			name = Linux;
			sourceTree = "<group>";
		};
		1DBA0B3E1795449E00E760E5 /* fastcgi */ = {
			isa = PBXGroup;
			children = (
				1DBA0B3F179544CC00E760E5 /* fastcgi.h */,
				1DBA0B40179544CC00E760E5 /* fcgi_config.h */,
				1DBA0B41179544CC00E760E5 /* fcgi_stdio.h */,
				1DBA0B42179544CC00E760E5 /* fcgiapp.h */,
				1DBA0B43179544CC00E760E5 /* fcgimisc.h */,
				1DBA0B44179544CC00E760E5 /* fcgio.h */,
				1DBA0B45179544CC00E760E5 /* fcgios.h */,
			);
			path = fastcgi;
			sourceTree = "<group>";
		};
/* End PBXGroup section */

/* Begin PBXHeadersBuildPhase section */
		1D091EFE177D2284001BCCC6 /* Headers */ = {
			isa = PBXHeadersBuildPhase;
			buildActionMask = 2147483647;
			files = (
				1DAD9DA71784FC9600B52C72 /* NSData+DCPersistance.h in Headers */,
				1D091F2B177D2331001BCCC6 /* CGIJSONObject.h in Headers */,
				1D303BC41798D774001882AB /* NSDictionary+DCPersistance.h in Headers */,
				1DAD9DAF1784FC9600B52C72 /* NSURL+DCPersistance.h in Headers */,
				1D091F2C177D2331001BCCC6 /* CGIPersistantObject.h in Headers */,
				1D091F2D177D2331001BCCC6 /* CGIRemoteConnection.h in Headers */,
				1D091F2E177D2331001BCCC6 /* CGIRemoteObject.h in Headers */,
				1D091F2F177D2339001BCCC6 /* CGICommon.h in Headers */,
				1DAD9DAB1784FC9600B52C72 /* NSDate+DCPersistance.h in Headers */,
			);
			runOnlyForDeploymentPostprocessing = 0;
		};
		1D72DA9D175923090020E96C /* Headers */ = {
			isa = PBXHeadersBuildPhase;
			buildActionMask = 2147483647;
			files = (
				1D72DAB91759259A0020E96C /* CGIApplication.h in Headers */,
				1D72DABB175925C90020E96C /* CGIKit.h in Headers */,
				1D72DABC175925C90020E96C /* CGICommon.h in Headers */,
				1D72DABE175931570020E96C /* CGICommon_Private.h in Headers */,
				1DE700F01796F13A0011EDBF /* CGIMethodApplication.h in Headers */,
				1D72DAFB17597D500020E96C /* CGIFastApplication.h in Headers */,
				1DDED8E3177BCA91001CD4FD /* CGIHTTPResponse.h in Headers */,
				1D72DB01175A23D10020E96C /* CGIHTTPRequest.h in Headers */,
			);
			runOnlyForDeploymentPostprocessing = 0;
		};
		1D81FA06178BA30A006AB2D0 /* Headers */ = {
			isa = PBXHeadersBuildPhase;
			buildActionMask = 2147483647;
			files = (
			);
			runOnlyForDeploymentPostprocessing = 0;
		};
		1DA56E57177C1B2B00EBE5DD /* Headers */ = {
			isa = PBXHeadersBuildPhase;
			buildActionMask = 2147483647;
			files = (
				1DE700E81796E5A70011EDBF /* CGIServerObject.h in Headers */,
				1DAD9DAA1784FC9600B52C72 /* NSDate+DCPersistance.h in Headers */,
				1D303BC31798D774001882AB /* NSDictionary+DCPersistance.h in Headers */,
				1DA56E86177C1B6E00EBE5DD /* CGIPersistantObject.h in Headers */,
				1DA56E93177C1CCF00EBE5DD /* CGIRemoteObject.h in Headers */,
				1DAD9DA61784FC9600B52C72 /* NSData+DCPersistance.h in Headers */,
				1DA56E85177C1B6E00EBE5DD /* CGIJSONObject.h in Headers */,
				1DAD9DAE1784FC9600B52C72 /* NSURL+DCPersistance.h in Headers */,
				1DA56E91177C1CCF00EBE5DD /* CGIRemoteConnection.h in Headers */,
			);
			runOnlyForDeploymentPostprocessing = 0;
		};
/* End PBXHeadersBuildPhase section */

/* Begin PBXNativeTarget section */
		1D091F02177D2284001BCCC6 /* MobileJSONObject */ = {
			isa = PBXNativeTarget;
			buildConfigurationList = 1D091F26177D2284001BCCC6 /* Build configuration list for PBXNativeTarget "MobileJSONObject" */;
			buildPhases = (
				1D091EFB177D2284001BCCC6 /* ShellScript */,
				1D091EFC177D2284001BCCC6 /* Sources */,
				1D091EFD177D2284001BCCC6 /* Frameworks */,
				1D091EFE177D2284001BCCC6 /* Headers */,
				1D091EFF177D2284001BCCC6 /* Resources */,
				1D091F00177D2284001BCCC6 /* ShellScript */,
				1D091F01177D2284001BCCC6 /* ShellScript */,
			);
			buildRules = (
			);
			dependencies = (
			);
			name = MobileJSONObject;
			productName = MobileJSONObject;
			productReference = 1D091F03177D2284001BCCC6 /* CGIJSONObject.framework */;
			productType = "com.apple.product-type.framework.static";
		};
		1D72DA9F175923090020E96C /* CGIKit */ = {
			isa = PBXNativeTarget;
			buildConfigurationList = 1D72DAB3175923090020E96C /* Build configuration list for PBXNativeTarget "CGIKit" */;
			buildPhases = (
				1D72DA9B175923090020E96C /* Sources */,
				1D72DA9C175923090020E96C /* Frameworks */,
				1D72DA9D175923090020E96C /* Headers */,
				1D72DA9E175923090020E96C /* Resources */,
			);
			buildRules = (
			);
			dependencies = (
			);
			name = CGIKit;
			productName = CGIKit;
			productReference = 1D72DAA0175923090020E96C /* CGIKit.framework */;
			productType = "com.apple.product-type.framework";
		};
		1D72DAC6175942BA0020E96C /* CGITest */ = {
			isa = PBXNativeTarget;
			buildConfigurationList = 1D72DAD1175942BB0020E96C /* Build configuration list for PBXNativeTarget "CGITest" */;
			buildPhases = (
				1D72DAC3175942BA0020E96C /* Sources */,
				1D72DAC4175942BA0020E96C /* Frameworks */,
				1D72DAC5175942BA0020E96C /* CopyFiles */,
			);
			buildRules = (
			);
			dependencies = (
			);
			name = CGITest;
			productName = CGITest;
			productReference = 1D72DAC7175942BA0020E96C /* CGITest.cgi */;
			productType = "com.apple.product-type.tool";
		};
		1D72DAE3175951020020E96C /* CGISwagList */ = {
			isa = PBXNativeTarget;
			buildConfigurationList = 1D72DAED175951020020E96C /* Build configuration list for PBXNativeTarget "CGISwagList" */;
			buildPhases = (
				1D72DAE0175951020020E96C /* Sources */,
				1D72DAE1175951020020E96C /* Frameworks */,
				1D72DAE2175951020020E96C /* CopyFiles */,
			);
			buildRules = (
			);
			dependencies = (
			);
			name = CGISwagList;
			productName = CGISwagList;
			productReference = 1D72DAE4175951020020E96C /* CGISwagList.cgi */;
			productType = "com.apple.product-type.tool";
		};
		1D81FA08178BA30A006AB2D0 /* WebUIKit */ = {
			isa = PBXNativeTarget;
			buildConfigurationList = 1D81FA2B178BA30A006AB2D0 /* Build configuration list for PBXNativeTarget "WebUIKit" */;
			buildPhases = (
				1D81FA04178BA30A006AB2D0 /* Sources */,
				1D81FA05178BA30A006AB2D0 /* Frameworks */,
				1D81FA06178BA30A006AB2D0 /* Headers */,
				1D81FA07178BA30A006AB2D0 /* Resources */,
			);
			buildRules = (
			);
			dependencies = (
			);
			name = WebUIKit;
			productName = WebUIKit;
			productReference = 1D81FA09178BA30A006AB2D0 /* WebUIKit.framework */;
			productType = "com.apple.product-type.framework";
		};
		1DA56E59177C1B2B00EBE5DD /* CGIJSONObject */ = {
			isa = PBXNativeTarget;
			buildConfigurationList = 1DA56E7D177C1B2B00EBE5DD /* Build configuration list for PBXNativeTarget "CGIJSONObject" */;
			buildPhases = (
				1DA56E55177C1B2B00EBE5DD /* Sources */,
				1DA56E56177C1B2B00EBE5DD /* Frameworks */,
				1DA56E57177C1B2B00EBE5DD /* Headers */,
				1DA56E58177C1B2B00EBE5DD /* Resources */,
			);
			buildRules = (
			);
			dependencies = (
			);
			name = CGIJSONObject;
			productName = CGIJSONObject;
			productReference = 1DA56E5A177C1B2B00EBE5DD /* CGIJSONObject.framework */;
			productType = "com.apple.product-type.framework";
		};
/* End PBXNativeTarget section */

/* Begin PBXProject section */
		1D72DA95175922FD0020E96C /* Project object */ = {
			isa = PBXProject;
			attributes = {
				CLASSPREFIX = CGI;
				LastUpgradeCheck = 0500;
				ORGANIZATIONNAME = muski;
			};
			buildConfigurationList = 1D72DA98175922FD0020E96C /* Build configuration list for PBXProject "CGIKit.E" */;
			compatibilityVersion = "Xcode 3.2";
			developmentRegion = English;
			hasScannedForEncodings = 0;
			knownRegions = (
				en,
			);
			mainGroup = 1D72DA94175922FD0020E96C;
			productRefGroup = 1D72DAA1175923090020E96C /* Products */;
			projectDirPath = "";
			projectRoot = "";
			targets = (
				1D72DA9F175923090020E96C /* CGIKit */,
				1DA56E59177C1B2B00EBE5DD /* CGIJSONObject */,
				1D091F02177D2284001BCCC6 /* MobileJSONObject */,
				1D72DAC6175942BA0020E96C /* CGITest */,
				1D72DAE3175951020020E96C /* CGISwagList */,
				1D81FA08178BA30A006AB2D0 /* WebUIKit */,
			);
		};
/* End PBXProject section */

/* Begin PBXResourcesBuildPhase section */
		1D091EFF177D2284001BCCC6 /* Resources */ = {
			isa = PBXResourcesBuildPhase;
			buildActionMask = 2147483647;
			files = (
			);
			runOnlyForDeploymentPostprocessing = 0;
		};
		1D72DA9E175923090020E96C /* Resources */ = {
			isa = PBXResourcesBuildPhase;
			buildActionMask = 2147483647;
			files = (
				1D72DAAE175923090020E96C /* InfoPlist.strings in Resources */,
				1D72DADB175947F60020E96C /* GNUmakefile in Resources */,
			);
			runOnlyForDeploymentPostprocessing = 0;
		};
		1D81FA07178BA30A006AB2D0 /* Resources */ = {
			isa = PBXResourcesBuildPhase;
			buildActionMask = 2147483647;
			files = (
				1D81FA10178BA30A006AB2D0 /* InfoPlist.strings in Resources */,
			);
			runOnlyForDeploymentPostprocessing = 0;
		};
		1DA56E58177C1B2B00EBE5DD /* Resources */ = {
			isa = PBXResourcesBuildPhase;
			buildActionMask = 2147483647;
			files = (
				1DA56E89177C1B6E00EBE5DD /* GNUmakefile.postamble in Resources */,
				1DA56E61177C1B2B00EBE5DD /* InfoPlist.strings in Resources */,
				1DA56E8A177C1B6E00EBE5DD /* GNUmakefile.preamble in Resources */,
				1DA56E88177C1B6E00EBE5DD /* GNUmakefile in Resources */,
			);
			runOnlyForDeploymentPostprocessing = 0;
		};
/* End PBXResourcesBuildPhase section */

/* Begin PBXShellScriptBuildPhase section */
		1D091EFB177D2284001BCCC6 /* ShellScript */ = {
			isa = PBXShellScriptBuildPhase;
			buildActionMask = 2147483647;
			files = (
			);
			inputPaths = (
			);
			outputPaths = (
			);
			runOnlyForDeploymentPostprocessing = 0;
			shellPath = /bin/sh;
			shellScript = "set -e\n\nset +u\nif [[ $UFW_MASTER_SCRIPT_RUNNING ]]\nthen\n    # Nothing for the slave script to do\n    exit 0\nfi\nset -u\n\nif [[ \"$SDK_NAME\" =~ ([A-Za-z]+) ]]\nthen\n    UFW_SDK_PLATFORM=${BASH_REMATCH[1]}\nelse\n    echo \"Could not find platform name from SDK_NAME: $SDK_NAME\"\n    exit 1\nfi\n\nif [[ \"$SDK_NAME\" =~ ([0-9]+.*$) ]]\nthen\n\tUFW_SDK_VERSION=${BASH_REMATCH[1]}\nelse\n    echo \"Could not find sdk version  from SDK_NAME: $SDK_NAME\"\n    exit 1\nfi\n\nif [[ \"$UFW_SDK_PLATFORM\" = \"iphoneos\" ]]\nthen\n    UFW_OTHER_PLATFORM=iphonesimulator\nelse\n    UFW_OTHER_PLATFORM=iphoneos\nfi\n\nif [[ \"$BUILT_PRODUCTS_DIR\" =~ (.*)$UFW_SDK_PLATFORM$ ]]\nthen\n    UFW_OTHER_BUILT_PRODUCTS_DIR=\"${BASH_REMATCH[1]}${UFW_OTHER_PLATFORM}\"\nelse\n    echo \"Could not find $UFW_SDK_PLATFORM in $BUILT_PRODUCTS_DIR\"\n    exit 1\nfi\n\nONLY_ACTIVE_PLATFORM=${ONLY_ACTIVE_PLATFORM:-$ONLY_ACTIVE_ARCH}\n\n# Short-circuit if all binaries are up to date\n\nif [[ -f \"${BUILT_PRODUCTS_DIR}/${EXECUTABLE_PATH}\" ]] && \\\n   [[ -f \"${BUILT_PRODUCTS_DIR}/${PRODUCT_NAME}.embeddedframework/${EXECUTABLE_PATH}\" ]] && \\\n   [[ ! \"${BUILT_PRODUCTS_DIR}/${EXECUTABLE_PATH}\" -nt \"${BUILT_PRODUCTS_DIR}/${PRODUCT_NAME}.embeddedframework/${EXECUTABLE_PATH}\" ]] && \\\n  ([[ \"${ONLY_ACTIVE_PLATFORM}\" == \"YES\" ]] || \\\n    ([[ -f \"${UFW_OTHER_BUILT_PRODUCTS_DIR}/${EXECUTABLE_PATH}\" ]] && \\\n     [[ -f \"${UFW_OTHER_BUILT_PRODUCTS_DIR}/${PRODUCT_NAME}.embeddedframework/${EXECUTABLE_PATH}\" ]] && \\\n     [[ ! \"${UFW_OTHER_BUILT_PRODUCTS_DIR}/${EXECUTABLE_PATH}\" -nt \"${UFW_OTHER_BUILT_PRODUCTS_DIR}/${PRODUCT_NAME}.embeddedframework/${EXECUTABLE_PATH}\" ]]\n    )\n  )\nthen\n    exit 0\nfi\n\n\n# Clean other platform if needed\n\nif [[ ! -f \"${BUILT_PRODUCTS_DIR}/${EXECUTABLE_PATH}\" ]] && [[ \"${ONLY_ACTIVE_PLATFORM}\" != \"YES\" ]]\nthen\n\techo \"Platform \\\"$UFW_SDK_PLATFORM\\\" was cleaned recently. Cleaning \\\"$UFW_OTHER_PLATFORM\\\" as well\"\n\techo xcodebuild -project \"${PROJECT_FILE_PATH}\" -target \"${TARGET_NAME}\" -configuration \"${CONFIGURATION}\" -sdk ${UFW_OTHER_PLATFORM}${UFW_SDK_VERSION} BUILD_DIR=\"${BUILD_DIR}\" CONFIGURATION_TEMP_DIR=\"${PROJECT_TEMP_DIR}/${CONFIGURATION}-${UFW_OTHER_PLATFORM}\" clean\n\txcodebuild -project \"${PROJECT_FILE_PATH}\" -target \"${TARGET_NAME}\" -configuration \"${CONFIGURATION}\" -sdk ${UFW_OTHER_PLATFORM}${UFW_SDK_VERSION} BUILD_DIR=\"${BUILD_DIR}\" CONFIGURATION_TEMP_DIR=\"${PROJECT_TEMP_DIR}/${CONFIGURATION}-${UFW_OTHER_PLATFORM}\" clean\nfi\n\n\n# Make sure we are building from fresh binaries\n\nrm -rf \"${BUILT_PRODUCTS_DIR}/${EXECUTABLE_PATH}\"\nrm -rf \"${BUILT_PRODUCTS_DIR}/${PRODUCT_NAME}.embeddedframework\"\n\nif [[ \"${ONLY_ACTIVE_PLATFORM}\" != \"YES\" ]]\nthen\n    rm -rf \"${UFW_OTHER_BUILT_PRODUCTS_DIR}/${EXECUTABLE_PATH}\"\n    rm -rf \"${UFW_OTHER_BUILT_PRODUCTS_DIR}/${PRODUCT_NAME}.embeddedframework\"\nfi\n";
		};
		1D091F00177D2284001BCCC6 /* ShellScript */ = {
			isa = PBXShellScriptBuildPhase;
			buildActionMask = 2147483647;
			files = (
			);
			inputPaths = (
			);
			outputPaths = (
			);
			runOnlyForDeploymentPostprocessing = 0;
			shellPath = /bin/sh;
			shellScript = "HEADERS_ROOT=$SRCROOT/$PRODUCT_NAME\nFRAMEWORK_HEADERS_DIR=\"$BUILT_PRODUCTS_DIR/$WRAPPER_NAME/Versions/$FRAMEWORK_VERSION/Headers\"\n\n## only header files expected at this point\nPUBLIC_HEADERS=$(find $FRAMEWORK_HEADERS_DIR/. -not -type d 2> /dev/null | sed -e \"s@.*/@@g\")\n\nFIND_OPTS=\"\"\nfor PUBLIC_HEADER in $PUBLIC_HEADERS; do\n  if [ -n \"$FIND_OPTS\" ]; then\n    FIND_OPTS=\"$FIND_OPTS -o\"\n  fi\n  FIND_OPTS=\"$FIND_OPTS -name '$PUBLIC_HEADER'\"\ndone\n\nif [ -n \"$FIND_OPTS\" ]; then\n  for ORIG_HEADER in $(eval \"find $HEADERS_ROOT/. $FIND_OPTS\" 2> /dev/null | sed -e \"s@^$HEADERS_ROOT/./@@g\"); do\n    PUBLIC_HEADER=$(basename $ORIG_HEADER)\n    RELATIVE_PATH=$(dirname $ORIG_HEADER)\n    if [ -e $FRAMEWORK_HEADERS_DIR/$PUBLIC_HEADER ]; then\n      mkdir -p \"$FRAMEWORK_HEADERS_DIR/$RELATIVE_PATH\"\n      mv \"$FRAMEWORK_HEADERS_DIR/$PUBLIC_HEADER\" \"$FRAMEWORK_HEADERS_DIR/$RELATIVE_PATH/$PUBLIC_HEADER\"\n    fi\n  done\nfi\n";
		};
		1D091F01177D2284001BCCC6 /* ShellScript */ = {
			isa = PBXShellScriptBuildPhase;
			buildActionMask = 2147483647;
			files = (
			);
			inputPaths = (
			);
			outputPaths = (
			);
			runOnlyForDeploymentPostprocessing = 0;
			shellPath = /bin/sh;
			shellScript = "set -e\n\nset +u\nif [[ $UFW_MASTER_SCRIPT_RUNNING ]]\nthen\n    # Nothing for the slave script to do\n    exit 0\nfi\nset -u\nexport UFW_MASTER_SCRIPT_RUNNING=1\n\n\n# Functions\n\n## List files in the specified directory, storing to the specified array.\n#\n# @param $1 The path to list\n# @param $2 The name of the array to fill\n#\n##\nlist_files ()\n{\n    filelist=$(ls \"$1\")\n    while read line\n    do\n        eval \"$2[\\${#$2[*]}]=\\\"\\$line\\\"\"\n    done <<< \"$filelist\"\n}\n\n\n# Sanity check\n\nif [[ ! -f \"${BUILT_PRODUCTS_DIR}/${EXECUTABLE_PATH}\" ]]\nthen\n    echo \"Framework target \\\"${TARGET_NAME}\\\" had no source files to build from. Make sure your source files have the correct target membership\"\n    exit 1\nfi\n\n\n# Gather information\n\nif [[ \"$SDK_NAME\" =~ ([A-Za-z]+) ]]\nthen\n    UFW_SDK_PLATFORM=${BASH_REMATCH[1]}\nelse\n    echo \"Could not find platform name from SDK_NAME: $SDK_NAME\"\n    exit 1\nfi\n\nif [[ \"$SDK_NAME\" =~ ([0-9]+.*$) ]]\nthen\n    UFW_SDK_VERSION=${BASH_REMATCH[1]}\nelse\n    echo \"Could not find sdk version from SDK_NAME: $SDK_NAME\"\n    exit 1\nfi\n\nif [[ \"$UFW_SDK_PLATFORM\" = \"iphoneos\" ]]\nthen\n    UFW_OTHER_PLATFORM=iphonesimulator\nelse\n    UFW_OTHER_PLATFORM=iphoneos\nfi\n\nif [[ \"$BUILT_PRODUCTS_DIR\" =~ (.*)$UFW_SDK_PLATFORM$ ]]\nthen\n    UFW_OTHER_BUILT_PRODUCTS_DIR=\"${BASH_REMATCH[1]}${UFW_OTHER_PLATFORM}\"\nelse\n    echo \"Could not find $UFW_SDK_PLATFORM in $BUILT_PRODUCTS_DIR\"\n    exit 1\nfi\n\nONLY_ACTIVE_PLATFORM=${ONLY_ACTIVE_PLATFORM:-$ONLY_ACTIVE_ARCH}\n\n# Short-circuit if all binaries are up to date.\n# We already checked the other platform in the prerun script.\n\nif [[ -f \"${BUILT_PRODUCTS_DIR}/${EXECUTABLE_PATH}\" ]] && [[ -f \"${BUILT_PRODUCTS_DIR}/${PRODUCT_NAME}.embeddedframework/${EXECUTABLE_PATH}\" ]] && [[ ! \"${BUILT_PRODUCTS_DIR}/${EXECUTABLE_PATH}\" -nt \"${BUILT_PRODUCTS_DIR}/${PRODUCT_NAME}.embeddedframework/${EXECUTABLE_PATH}\" ]]\nthen\n    exit 0\nfi\n\nif [ \"${ONLY_ACTIVE_PLATFORM}\" == \"YES\" ]\nthen\n    echo \"ONLY_ACTIVE_PLATFORM=${ONLY_ACTIVE_PLATFORM}: Skipping other platform build\"\nelse\n    # Make sure the other platform gets built\n    \n    echo \"Build other platform\"\n    \n    echo xcodebuild -project \"${PROJECT_FILE_PATH}\" -target \"${TARGET_NAME}\" -configuration \"${CONFIGURATION}\" -sdk ${UFW_OTHER_PLATFORM}${UFW_SDK_VERSION} BUILD_DIR=\"${BUILD_DIR}\" CONFIGURATION_TEMP_DIR=\"${PROJECT_TEMP_DIR}/${CONFIGURATION}-${UFW_OTHER_PLATFORM}\" $ACTION\n    xcodebuild -project \"${PROJECT_FILE_PATH}\" -target \"${TARGET_NAME}\" -configuration \"${CONFIGURATION}\" -sdk ${UFW_OTHER_PLATFORM}${UFW_SDK_VERSION} BUILD_DIR=\"${BUILD_DIR}\" CONFIGURATION_TEMP_DIR=\"${PROJECT_TEMP_DIR}/${CONFIGURATION}-${UFW_OTHER_PLATFORM}\" $ACTION\n    \n    \n    # Build the fat static library binary\n    \n    echo \"Create universal static library\"\n    \n    echo \"$PLATFORM_DEVELOPER_BIN_DIR/libtool\" -static \"${BUILT_PRODUCTS_DIR}/${EXECUTABLE_PATH}\" \"${UFW_OTHER_BUILT_PRODUCTS_DIR}/${EXECUTABLE_PATH}\" -o \"${BUILT_PRODUCTS_DIR}/${EXECUTABLE_PATH}.temp\"\n    \"$PLATFORM_DEVELOPER_BIN_DIR/libtool\" -static \"${BUILT_PRODUCTS_DIR}/${EXECUTABLE_PATH}\" \"${UFW_OTHER_BUILT_PRODUCTS_DIR}/${EXECUTABLE_PATH}\" -o \"${BUILT_PRODUCTS_DIR}/${EXECUTABLE_PATH}.temp\"\n    \n    echo mv \"${BUILT_PRODUCTS_DIR}/${EXECUTABLE_PATH}.temp\" \"${BUILT_PRODUCTS_DIR}/${EXECUTABLE_PATH}\"\n    mv \"${BUILT_PRODUCTS_DIR}/${EXECUTABLE_PATH}.temp\" \"${BUILT_PRODUCTS_DIR}/${EXECUTABLE_PATH}\"\nfi\n\n# Build embedded framework structure\n\necho \"Build Embedded Framework\"\n\necho rm -rf \"${BUILT_PRODUCTS_DIR}/${PRODUCT_NAME}.embeddedframework\"\nrm -rf \"${BUILT_PRODUCTS_DIR}/${PRODUCT_NAME}.embeddedframework\"\necho mkdir -p \"${BUILT_PRODUCTS_DIR}/${PRODUCT_NAME}.embeddedframework/Resources\"\nmkdir -p \"${BUILT_PRODUCTS_DIR}/${PRODUCT_NAME}.embeddedframework/Resources\"\necho cp -a \"${BUILT_PRODUCTS_DIR}/${WRAPPER_NAME}\" \"${BUILT_PRODUCTS_DIR}/${PRODUCT_NAME}.embeddedframework/\"\ncp -a \"${BUILT_PRODUCTS_DIR}/${WRAPPER_NAME}\" \"${BUILT_PRODUCTS_DIR}/${PRODUCT_NAME}.embeddedframework/\"\n\ndeclare -a UFW_FILE_LIST\nlist_files \"${BUILT_PRODUCTS_DIR}/${UNLOCALIZED_RESOURCES_FOLDER_PATH}\" UFW_FILE_LIST\nfor filename in \"${UFW_FILE_LIST[@]}\"\ndo\n    if [[ \"${filename}\" != \"Info.plist\" ]] && [[ ! \"${filename}\" =~ .*\\.lproj$ ]]\n    then\n        echo ln -sfh \"../${WRAPPER_NAME}/Resources/${filename}\" \"${BUILT_PRODUCTS_DIR}/${PRODUCT_NAME}.embeddedframework/Resources/${filename}\"\n        ln -sfh \"../${WRAPPER_NAME}/Resources/${filename}\" \"${BUILT_PRODUCTS_DIR}/${PRODUCT_NAME}.embeddedframework/Resources/${filename}\"\n    fi\ndone\n\n\nif [ \"${ONLY_ACTIVE_PLATFORM}\" != \"YES\" ]\nthen\n    # Replace other platform's framework with a copy of this one (so that both have the same universal binary)\n    \n    echo \"Copy from $UFW_SDK_PLATFORM to $UFW_OTHER_PLATFORM\"\n    \n    echo rm -rf \"${BUILD_DIR}/${CONFIGURATION}-${UFW_OTHER_PLATFORM}\"\n    rm -rf \"${BUILD_DIR}/${CONFIGURATION}-${UFW_OTHER_PLATFORM}\"\n    echo cp -a \"${BUILD_DIR}/${CONFIGURATION}-${UFW_SDK_PLATFORM}\" \"${BUILD_DIR}/${CONFIGURATION}-${UFW_OTHER_PLATFORM}\"\n    cp -a \"${BUILD_DIR}/${CONFIGURATION}-${UFW_SDK_PLATFORM}\" \"${BUILD_DIR}/${CONFIGURATION}-${UFW_OTHER_PLATFORM}\"\nfi\n";
		};
/* End PBXShellScriptBuildPhase section */

/* Begin PBXSourcesBuildPhase section */
		1D091EFC177D2284001BCCC6 /* Sources */ = {
			isa = PBXSourcesBuildPhase;
			buildActionMask = 2147483647;
			files = (
				1D091F28177D231C001BCCC6 /* CGIPersistantObject.m in Sources */,
				1DAD9DB11784FC9600B52C72 /* NSURL+DCPersistance.m in Sources */,
				1D303BC61798D774001882AB /* NSDictionary+DCPersistance.m in Sources */,
				1D091F29177D231C001BCCC6 /* CGIRemoteConnection.m in Sources */,
				1D091F2A177D231C001BCCC6 /* CGIRemoteObject.m in Sources */,
				1DAD9DA91784FC9600B52C72 /* NSData+DCPersistance.m in Sources */,
				1DAD9DAD1784FC9600B52C72 /* NSDate+DCPersistance.m in Sources */,
			);
			runOnlyForDeploymentPostprocessing = 0;
		};
		1D72DA9B175923090020E96C /* Sources */ = {
			isa = PBXSourcesBuildPhase;
			buildActionMask = 2147483647;
			files = (
				1D72DABA1759259A0020E96C /* CGIApplication.m in Sources */,
				1DE700F11796F13A0011EDBF /* CGIMethodApplication.m in Sources */,
				1DDED8E4177BCA91001CD4FD /* CGIHTTPResponse.m in Sources */,
				1D72DAFC17597D500020E96C /* CGIFastApplication.m in Sources */,
				1D72DAFE175A234E0020E96C /* CGICommon.c in Sources */,
				1D72DB02175A23D10020E96C /* CGIHTTPRequest.m in Sources */,
			);
			runOnlyForDeploymentPostprocessing = 0;
		};
		1D72DAC3175942BA0020E96C /* Sources */ = {
			isa = PBXSourcesBuildPhase;
			buildActionMask = 2147483647;
			files = (
				1D72DACC175942BB0020E96C /* main.c in Sources */,
				1D72DAD7175944590020E96C /* CGITestApplicationDelegate.m in Sources */,
			);
			runOnlyForDeploymentPostprocessing = 0;
		};
		1D72DAE0175951020020E96C /* Sources */ = {
			isa = PBXSourcesBuildPhase;
			buildActionMask = 2147483647;
			files = (
				1D72DAE8175951020020E96C /* main.c in Sources */,
				1D72DAF3175951550020E96C /* CGISwagDelegate.m in Sources */,
			);
			runOnlyForDeploymentPostprocessing = 0;
		};
		1D81FA04178BA30A006AB2D0 /* Sources */ = {
			isa = PBXSourcesBuildPhase;
			buildActionMask = 2147483647;
			files = (
			);
			runOnlyForDeploymentPostprocessing = 0;
		};
		1DA56E55177C1B2B00EBE5DD /* Sources */ = {
			isa = PBXSourcesBuildPhase;
			buildActionMask = 2147483647;
			files = (
				1DA56E87177C1B6E00EBE5DD /* CGIPersistantObject.m in Sources */,
				1D303BC51798D774001882AB /* NSDictionary+DCPersistance.m in Sources */,
				1DAD9DB01784FC9600B52C72 /* NSURL+DCPersistance.m in Sources */,
				1DE700E91796E5A70011EDBF /* CGIServerObject.m in Sources */,
				1DA56E92177C1CCF00EBE5DD /* CGIRemoteConnection.m in Sources */,
				1DA56E94177C1CCF00EBE5DD /* CGIRemoteObject.m in Sources */,
				1DAD9DA81784FC9600B52C72 /* NSData+DCPersistance.m in Sources */,
				1DAD9DAC1784FC9600B52C72 /* NSDate+DCPersistance.m in Sources */,
			);
			runOnlyForDeploymentPostprocessing = 0;
		};
/* End PBXSourcesBuildPhase section */

/* Begin PBXVariantGroup section */
		1D72DAAC175923090020E96C /* InfoPlist.strings */ = {
			isa = PBXVariantGroup;
			children = (
				1D72DAAD175923090020E96C /* en */,
			);
			name = InfoPlist.strings;
			sourceTree = "<group>";
		};
		1D81FA0E178BA30A006AB2D0 /* InfoPlist.strings */ = {
			isa = PBXVariantGroup;
			children = (
				1D81FA0F178BA30A006AB2D0 /* en */,
			);
			name = InfoPlist.strings;
			sourceTree = "<group>";
		};
		1DA56E5F177C1B2B00EBE5DD /* InfoPlist.strings */ = {
			isa = PBXVariantGroup;
			children = (
				1DA56E60177C1B2B00EBE5DD /* en */,
			);
			name = InfoPlist.strings;
			sourceTree = "<group>";
		};
/* End PBXVariantGroup section */

/* Begin XCBuildConfiguration section */
		1D091F22177D2284001BCCC6 /* Debug */ = {
			isa = XCBuildConfiguration;
			buildSettings = {
				ALWAYS_SEARCH_USER_PATHS = NO;
				ARCHS = "$(ARCHS_STANDARD)";
				CLANG_CXX_LANGUAGE_STANDARD = "gnu++0x";
				CLANG_CXX_LIBRARY = "libc++";
				CLANG_ENABLE_MODULES = YES;
				CLANG_ENABLE_OBJC_ARC = YES;
				CLANG_WARN_BOOL_CONVERSION = YES;
				CLANG_WARN_CONSTANT_CONVERSION = YES;
				CLANG_WARN_DIRECT_OBJC_ISA_USAGE = YES_ERROR;
				CLANG_WARN_EMPTY_BODY = YES;
				CLANG_WARN_ENUM_CONVERSION = YES;
				CLANG_WARN_INT_CONVERSION = YES;
				CLANG_WARN_OBJC_ROOT_CLASS = YES_ERROR;
				CLANG_WARN__DUPLICATE_METHOD_MATCH = YES;
				COPY_PHASE_STRIP = NO;
				DYLIB_COMPATIBILITY_VERSION = 1;
				DYLIB_CURRENT_VERSION = 1;
				FRAMEWORK_VERSION = A;
				GCC_C_LANGUAGE_STANDARD = gnu99;
				GCC_DYNAMIC_NO_PIC = NO;
				GCC_OPTIMIZATION_LEVEL = 0;
				GCC_PREPROCESSOR_DEFINITIONS = (
					"DEBUG=1",
					"$(inherited)",
				);
				GCC_SYMBOLS_PRIVATE_EXTERN = NO;
				GCC_WARN_ABOUT_RETURN_TYPE = YES_ERROR;
				GCC_WARN_UNDECLARED_SELECTOR = YES;
				GCC_WARN_UNINITIALIZED_AUTOS = YES;
				GCC_WARN_UNUSED_FUNCTION = YES;
				GCC_WARN_UNUSED_VARIABLE = YES;
				INFOPLIST_FILE = "CGIJSONObject/CGIJSONObject-Info.plist";
				IPHONEOS_DEPLOYMENT_TARGET = 7.0;
				PRODUCT_NAME = CGIJSONObject;
				SDKROOT = iphoneos;
				SKIP_INSTALL = YES;
				WRAPPER_EXTENSION = framework;
			};
			name = Debug;
		};
		1D091F23177D2284001BCCC6 /* Release */ = {
			isa = XCBuildConfiguration;
			buildSettings = {
				ALWAYS_SEARCH_USER_PATHS = NO;
				ARCHS = "$(ARCHS_STANDARD)";
				CLANG_CXX_LANGUAGE_STANDARD = "gnu++0x";
				CLANG_CXX_LIBRARY = "libc++";
				CLANG_ENABLE_MODULES = YES;
				CLANG_ENABLE_OBJC_ARC = YES;
				CLANG_WARN_BOOL_CONVERSION = YES;
				CLANG_WARN_CONSTANT_CONVERSION = YES;
				CLANG_WARN_DIRECT_OBJC_ISA_USAGE = YES_ERROR;
				CLANG_WARN_EMPTY_BODY = YES;
				CLANG_WARN_ENUM_CONVERSION = YES;
				CLANG_WARN_INT_CONVERSION = YES;
				CLANG_WARN_OBJC_ROOT_CLASS = YES_ERROR;
				CLANG_WARN__DUPLICATE_METHOD_MATCH = YES;
				COPY_PHASE_STRIP = YES;
				DYLIB_COMPATIBILITY_VERSION = 1;
				DYLIB_CURRENT_VERSION = 1;
				ENABLE_NS_ASSERTIONS = NO;
				FRAMEWORK_VERSION = A;
				GCC_C_LANGUAGE_STANDARD = gnu99;
				GCC_WARN_ABOUT_RETURN_TYPE = YES_ERROR;
				GCC_WARN_UNDECLARED_SELECTOR = YES;
				GCC_WARN_UNINITIALIZED_AUTOS = YES;
				GCC_WARN_UNUSED_FUNCTION = YES;
				GCC_WARN_UNUSED_VARIABLE = YES;
				INFOPLIST_FILE = "CGIJSONObject/CGIJSONObject-Info.plist";
				IPHONEOS_DEPLOYMENT_TARGET = 7.0;
				PRODUCT_NAME = CGIJSONObject;
				SDKROOT = iphoneos;
				SKIP_INSTALL = YES;
				VALIDATE_PRODUCT = YES;
				WRAPPER_EXTENSION = framework;
			};
			name = Release;
		};
		1D72DA99175922FD0020E96C /* Debug */ = {
			isa = XCBuildConfiguration;
			buildSettings = {
				ONLY_ACTIVE_ARCH = YES;
			};
			name = Debug;
		};
		1D72DA9A175922FD0020E96C /* Release */ = {
			isa = XCBuildConfiguration;
			buildSettings = {
			};
			name = Release;
		};
		1D72DAB4175923090020E96C /* Debug */ = {
			isa = XCBuildConfiguration;
			buildSettings = {
				ALWAYS_SEARCH_USER_PATHS = NO;
				CLANG_CXX_LANGUAGE_STANDARD = "gnu++0x";
				CLANG_CXX_LIBRARY = "libc++";
				CLANG_ENABLE_OBJC_ARC = YES;
				CLANG_WARN_CONSTANT_CONVERSION = YES;
				CLANG_WARN_EMPTY_BODY = YES;
				CLANG_WARN_ENUM_CONVERSION = YES;
				CLANG_WARN_INT_CONVERSION = YES;
				CLANG_WARN__DUPLICATE_METHOD_MATCH = YES;
				COMBINE_HIDPI_IMAGES = YES;
				COPY_PHASE_STRIP = NO;
				DYLIB_COMPATIBILITY_VERSION = 1;
				DYLIB_CURRENT_VERSION = 1;
				FRAMEWORK_VERSION = E;
				GCC_C_LANGUAGE_STANDARD = gnu99;
				GCC_DYNAMIC_NO_PIC = NO;
				GCC_ENABLE_OBJC_EXCEPTIONS = YES;
				GCC_OPTIMIZATION_LEVEL = 0;
				GCC_PREPROCESSOR_DEFINITIONS = (
					"DEBUG=1",
					"$(inherited)",
				);
				GCC_SYMBOLS_PRIVATE_EXTERN = NO;
				GCC_WARN_64_TO_32_BIT_CONVERSION = YES;
				GCC_WARN_ABOUT_RETURN_TYPE = YES;
				GCC_WARN_UNINITIALIZED_AUTOS = YES;
				GCC_WARN_UNUSED_VARIABLE = YES;
				INFOPLIST_FILE = "CGIKit/CGIKit-Info.plist";
				LIBRARY_SEARCH_PATHS = (
					"$(inherited)",
					"$(SRCROOT)",
				);
				MACOSX_DEPLOYMENT_TARGET = 10.8;
				ONLY_ACTIVE_ARCH = YES;
				PRODUCT_NAME = "$(TARGET_NAME)";
				SDKROOT = macosx;
				WRAPPER_EXTENSION = framework;
			};
			name = Debug;
		};
		1D72DAB5175923090020E96C /* Release */ = {
			isa = XCBuildConfiguration;
			buildSettings = {
				ALWAYS_SEARCH_USER_PATHS = NO;
				CLANG_CXX_LANGUAGE_STANDARD = "gnu++0x";
				CLANG_CXX_LIBRARY = "libc++";
				CLANG_ENABLE_OBJC_ARC = YES;
				CLANG_WARN_CONSTANT_CONVERSION = YES;
				CLANG_WARN_EMPTY_BODY = YES;
				CLANG_WARN_ENUM_CONVERSION = YES;
				CLANG_WARN_INT_CONVERSION = YES;
				CLANG_WARN__DUPLICATE_METHOD_MATCH = YES;
				COMBINE_HIDPI_IMAGES = YES;
				COPY_PHASE_STRIP = YES;
				DEBUG_INFORMATION_FORMAT = "dwarf-with-dsym";
				DYLIB_COMPATIBILITY_VERSION = 1;
				DYLIB_CURRENT_VERSION = 1;
				FRAMEWORK_VERSION = E;
				GCC_C_LANGUAGE_STANDARD = gnu99;
				GCC_ENABLE_OBJC_EXCEPTIONS = YES;
				GCC_WARN_64_TO_32_BIT_CONVERSION = YES;
				GCC_WARN_ABOUT_RETURN_TYPE = YES;
				GCC_WARN_UNINITIALIZED_AUTOS = YES;
				GCC_WARN_UNUSED_VARIABLE = YES;
				INFOPLIST_FILE = "CGIKit/CGIKit-Info.plist";
				LIBRARY_SEARCH_PATHS = (
					"$(inherited)",
					"$(SRCROOT)",
				);
				MACOSX_DEPLOYMENT_TARGET = 10.8;
				PRODUCT_NAME = "$(TARGET_NAME)";
				SDKROOT = macosx;
				WRAPPER_EXTENSION = framework;
			};
			name = Release;
		};
		1D72DAD2175942BB0020E96C /* Debug */ = {
			isa = XCBuildConfiguration;
			buildSettings = {
				ALWAYS_SEARCH_USER_PATHS = NO;
				CLANG_CXX_LANGUAGE_STANDARD = "gnu++0x";
				CLANG_CXX_LIBRARY = "libc++";
				CLANG_ENABLE_OBJC_ARC = YES;
				CLANG_WARN_CONSTANT_CONVERSION = YES;
				CLANG_WARN_EMPTY_BODY = YES;
				CLANG_WARN_ENUM_CONVERSION = YES;
				CLANG_WARN_INT_CONVERSION = YES;
				CLANG_WARN__DUPLICATE_METHOD_MATCH = YES;
				COPY_PHASE_STRIP = NO;
				GCC_C_LANGUAGE_STANDARD = gnu99;
				GCC_DYNAMIC_NO_PIC = NO;
				GCC_ENABLE_OBJC_EXCEPTIONS = YES;
				GCC_OPTIMIZATION_LEVEL = 0;
				GCC_PREPROCESSOR_DEFINITIONS = (
					"DEBUG=1",
					"$(inherited)",
				);
				GCC_SYMBOLS_PRIVATE_EXTERN = NO;
				GCC_WARN_64_TO_32_BIT_CONVERSION = YES;
				GCC_WARN_ABOUT_RETURN_TYPE = YES;
				GCC_WARN_UNINITIALIZED_AUTOS = YES;
				GCC_WARN_UNUSED_VARIABLE = YES;
				MACOSX_DEPLOYMENT_TARGET = 10.8;
				ONLY_ACTIVE_ARCH = YES;
				PRODUCT_NAME = "$(TARGET_NAME).cgi";
				SDKROOT = macosx;
			};
			name = Debug;
		};
		1D72DAD3175942BB0020E96C /* Release */ = {
			isa = XCBuildConfiguration;
			buildSettings = {
				ALWAYS_SEARCH_USER_PATHS = NO;
				CLANG_CXX_LANGUAGE_STANDARD = "gnu++0x";
				CLANG_CXX_LIBRARY = "libc++";
				CLANG_ENABLE_OBJC_ARC = YES;
				CLANG_WARN_CONSTANT_CONVERSION = YES;
				CLANG_WARN_EMPTY_BODY = YES;
				CLANG_WARN_ENUM_CONVERSION = YES;
				CLANG_WARN_INT_CONVERSION = YES;
				CLANG_WARN__DUPLICATE_METHOD_MATCH = YES;
				COPY_PHASE_STRIP = YES;
				DEBUG_INFORMATION_FORMAT = "dwarf-with-dsym";
				GCC_C_LANGUAGE_STANDARD = gnu99;
				GCC_ENABLE_OBJC_EXCEPTIONS = YES;
				GCC_WARN_64_TO_32_BIT_CONVERSION = YES;
				GCC_WARN_ABOUT_RETURN_TYPE = YES;
				GCC_WARN_UNINITIALIZED_AUTOS = YES;
				GCC_WARN_UNUSED_VARIABLE = YES;
				MACOSX_DEPLOYMENT_TARGET = 10.8;
				PRODUCT_NAME = "$(TARGET_NAME).cgi";
				SDKROOT = macosx;
			};
			name = Release;
		};
		1D72DAEE175951020020E96C /* Debug */ = {
			isa = XCBuildConfiguration;
			buildSettings = {
				ALWAYS_SEARCH_USER_PATHS = NO;
				CLANG_CXX_LANGUAGE_STANDARD = "gnu++0x";
				CLANG_CXX_LIBRARY = "libc++";
				CLANG_ENABLE_OBJC_ARC = YES;
				CLANG_WARN_CONSTANT_CONVERSION = YES;
				CLANG_WARN_EMPTY_BODY = YES;
				CLANG_WARN_ENUM_CONVERSION = YES;
				CLANG_WARN_INT_CONVERSION = YES;
				CLANG_WARN__DUPLICATE_METHOD_MATCH = YES;
				COPY_PHASE_STRIP = NO;
				GCC_C_LANGUAGE_STANDARD = gnu99;
				GCC_DYNAMIC_NO_PIC = NO;
				GCC_ENABLE_OBJC_EXCEPTIONS = YES;
				GCC_OPTIMIZATION_LEVEL = 0;
				GCC_PREPROCESSOR_DEFINITIONS = (
					"DEBUG=1",
					"$(inherited)",
				);
				GCC_SYMBOLS_PRIVATE_EXTERN = NO;
				GCC_WARN_64_TO_32_BIT_CONVERSION = YES;
				GCC_WARN_ABOUT_RETURN_TYPE = YES;
				GCC_WARN_UNINITIALIZED_AUTOS = YES;
				GCC_WARN_UNUSED_VARIABLE = YES;
				MACOSX_DEPLOYMENT_TARGET = 10.8;
				ONLY_ACTIVE_ARCH = YES;
				PRODUCT_NAME = "$(TARGET_NAME).cgi";
				SDKROOT = macosx;
			};
			name = Debug;
		};
		1D72DAEF175951020020E96C /* Release */ = {
			isa = XCBuildConfiguration;
			buildSettings = {
				ALWAYS_SEARCH_USER_PATHS = NO;
				CLANG_CXX_LANGUAGE_STANDARD = "gnu++0x";
				CLANG_CXX_LIBRARY = "libc++";
				CLANG_ENABLE_OBJC_ARC = YES;
				CLANG_WARN_CONSTANT_CONVERSION = YES;
				CLANG_WARN_EMPTY_BODY = YES;
				CLANG_WARN_ENUM_CONVERSION = YES;
				CLANG_WARN_INT_CONVERSION = YES;
				CLANG_WARN__DUPLICATE_METHOD_MATCH = YES;
				COPY_PHASE_STRIP = YES;
				DEBUG_INFORMATION_FORMAT = "dwarf-with-dsym";
				GCC_C_LANGUAGE_STANDARD = gnu99;
				GCC_ENABLE_OBJC_EXCEPTIONS = YES;
				GCC_WARN_64_TO_32_BIT_CONVERSION = YES;
				GCC_WARN_ABOUT_RETURN_TYPE = YES;
				GCC_WARN_UNINITIALIZED_AUTOS = YES;
				GCC_WARN_UNUSED_VARIABLE = YES;
				MACOSX_DEPLOYMENT_TARGET = 10.8;
				PRODUCT_NAME = "$(TARGET_NAME).cgi";
				SDKROOT = macosx;
			};
			name = Release;
		};
		1D81FA27178BA30A006AB2D0 /* Debug */ = {
			isa = XCBuildConfiguration;
			buildSettings = {
				ALWAYS_SEARCH_USER_PATHS = NO;
				CLANG_CXX_LANGUAGE_STANDARD = "gnu++0x";
				CLANG_CXX_LIBRARY = "libc++";
				CLANG_ENABLE_MODULES = YES;
				CLANG_ENABLE_OBJC_ARC = YES;
				CLANG_WARN_BOOL_CONVERSION = YES;
				CLANG_WARN_CONSTANT_CONVERSION = YES;
				CLANG_WARN_DIRECT_OBJC_ISA_USAGE = YES_ERROR;
				CLANG_WARN_EMPTY_BODY = YES;
				CLANG_WARN_ENUM_CONVERSION = YES;
				CLANG_WARN_INT_CONVERSION = YES;
				CLANG_WARN_OBJC_ROOT_CLASS = YES_ERROR;
				CLANG_WARN__DUPLICATE_METHOD_MATCH = YES;
				COMBINE_HIDPI_IMAGES = YES;
				COPY_PHASE_STRIP = NO;
				DYLIB_COMPATIBILITY_VERSION = 1;
				DYLIB_CURRENT_VERSION = 1;
				FRAMEWORK_VERSION = A;
				GCC_C_LANGUAGE_STANDARD = gnu99;
				GCC_DYNAMIC_NO_PIC = NO;
				GCC_ENABLE_OBJC_EXCEPTIONS = YES;
				GCC_OPTIMIZATION_LEVEL = 0;
				GCC_PREPROCESSOR_DEFINITIONS = (
					"DEBUG=1",
					"$(inherited)",
				);
				GCC_SYMBOLS_PRIVATE_EXTERN = NO;
				GCC_WARN_64_TO_32_BIT_CONVERSION = YES;
				GCC_WARN_ABOUT_RETURN_TYPE = YES_ERROR;
				GCC_WARN_UNDECLARED_SELECTOR = YES;
				GCC_WARN_UNINITIALIZED_AUTOS = YES;
				GCC_WARN_UNUSED_FUNCTION = YES;
				GCC_WARN_UNUSED_VARIABLE = YES;
				INFOPLIST_FILE = "WebUIKit/WebUIKit-Info.plist";
				MACOSX_DEPLOYMENT_TARGET = 10.9;
				PRODUCT_NAME = "$(TARGET_NAME)";
				SDKROOT = macosx;
				WRAPPER_EXTENSION = framework;
			};
			name = Debug;
		};
		1D81FA28178BA30A006AB2D0 /* Release */ = {
			isa = XCBuildConfiguration;
			buildSettings = {
				ALWAYS_SEARCH_USER_PATHS = NO;
				CLANG_CXX_LANGUAGE_STANDARD = "gnu++0x";
				CLANG_CXX_LIBRARY = "libc++";
				CLANG_ENABLE_MODULES = YES;
				CLANG_ENABLE_OBJC_ARC = YES;
				CLANG_WARN_BOOL_CONVERSION = YES;
				CLANG_WARN_CONSTANT_CONVERSION = YES;
				CLANG_WARN_DIRECT_OBJC_ISA_USAGE = YES_ERROR;
				CLANG_WARN_EMPTY_BODY = YES;
				CLANG_WARN_ENUM_CONVERSION = YES;
				CLANG_WARN_INT_CONVERSION = YES;
				CLANG_WARN_OBJC_ROOT_CLASS = YES_ERROR;
				CLANG_WARN__DUPLICATE_METHOD_MATCH = YES;
				COMBINE_HIDPI_IMAGES = YES;
				COPY_PHASE_STRIP = YES;
				DEBUG_INFORMATION_FORMAT = "dwarf-with-dsym";
				DYLIB_COMPATIBILITY_VERSION = 1;
				DYLIB_CURRENT_VERSION = 1;
				ENABLE_NS_ASSERTIONS = NO;
				FRAMEWORK_VERSION = A;
				GCC_C_LANGUAGE_STANDARD = gnu99;
				GCC_ENABLE_OBJC_EXCEPTIONS = YES;
				GCC_WARN_64_TO_32_BIT_CONVERSION = YES;
				GCC_WARN_ABOUT_RETURN_TYPE = YES_ERROR;
				GCC_WARN_UNDECLARED_SELECTOR = YES;
				GCC_WARN_UNINITIALIZED_AUTOS = YES;
				GCC_WARN_UNUSED_FUNCTION = YES;
				GCC_WARN_UNUSED_VARIABLE = YES;
				INFOPLIST_FILE = "WebUIKit/WebUIKit-Info.plist";
				MACOSX_DEPLOYMENT_TARGET = 10.9;
				PRODUCT_NAME = "$(TARGET_NAME)";
				SDKROOT = macosx;
				WRAPPER_EXTENSION = framework;
			};
			name = Release;
		};
		1DA56E79177C1B2B00EBE5DD /* Debug */ = {
			isa = XCBuildConfiguration;
			buildSettings = {
				ALWAYS_SEARCH_USER_PATHS = NO;
				CLANG_CXX_LANGUAGE_STANDARD = "gnu++0x";
				CLANG_CXX_LIBRARY = "libc++";
				CLANG_ENABLE_MODULES = YES;
				CLANG_ENABLE_OBJC_ARC = YES;
				CLANG_WARN_BOOL_CONVERSION = YES;
				CLANG_WARN_CONSTANT_CONVERSION = YES;
				CLANG_WARN_DIRECT_OBJC_ISA_USAGE = YES_ERROR;
				CLANG_WARN_EMPTY_BODY = YES;
				CLANG_WARN_ENUM_CONVERSION = YES;
				CLANG_WARN_INT_CONVERSION = YES;
				CLANG_WARN_OBJC_ROOT_CLASS = YES_ERROR;
				CLANG_WARN__DUPLICATE_METHOD_MATCH = YES;
				COMBINE_HIDPI_IMAGES = YES;
				COPY_PHASE_STRIP = NO;
				DYLIB_COMPATIBILITY_VERSION = 1;
				DYLIB_CURRENT_VERSION = 1;
				FRAMEWORK_VERSION = A;
				GCC_C_LANGUAGE_STANDARD = gnu99;
				GCC_DYNAMIC_NO_PIC = NO;
				GCC_ENABLE_OBJC_EXCEPTIONS = YES;
				GCC_OPTIMIZATION_LEVEL = 0;
				GCC_PREPROCESSOR_DEFINITIONS = (
					"DEBUG=1",
					"$(inherited)",
				);
				GCC_SYMBOLS_PRIVATE_EXTERN = NO;
				GCC_WARN_64_TO_32_BIT_CONVERSION = YES;
				GCC_WARN_ABOUT_RETURN_TYPE = YES_ERROR;
				GCC_WARN_UNDECLARED_SELECTOR = YES;
				GCC_WARN_UNINITIALIZED_AUTOS = YES;
				GCC_WARN_UNUSED_FUNCTION = YES;
				GCC_WARN_UNUSED_VARIABLE = YES;
				INFOPLIST_FILE = "CGIJSONObject/CGIJSONObject-Info.plist";
				MACOSX_DEPLOYMENT_TARGET = 10.9;
				PRODUCT_NAME = "$(TARGET_NAME)";
				SDKROOT = macosx;
				WRAPPER_EXTENSION = framework;
			};
			name = Debug;
		};
		1DA56E7A177C1B2B00EBE5DD /* Release */ = {
			isa = XCBuildConfiguration;
			buildSettings = {
				ALWAYS_SEARCH_USER_PATHS = NO;
				CLANG_CXX_LANGUAGE_STANDARD = "gnu++0x";
				CLANG_CXX_LIBRARY = "libc++";
				CLANG_ENABLE_MODULES = YES;
				CLANG_ENABLE_OBJC_ARC = YES;
				CLANG_WARN_BOOL_CONVERSION = YES;
				CLANG_WARN_CONSTANT_CONVERSION = YES;
				CLANG_WARN_DIRECT_OBJC_ISA_USAGE = YES_ERROR;
				CLANG_WARN_EMPTY_BODY = YES;
				CLANG_WARN_ENUM_CONVERSION = YES;
				CLANG_WARN_INT_CONVERSION = YES;
				CLANG_WARN_OBJC_ROOT_CLASS = YES_ERROR;
				CLANG_WARN__DUPLICATE_METHOD_MATCH = YES;
				COMBINE_HIDPI_IMAGES = YES;
				COPY_PHASE_STRIP = YES;
				DEBUG_INFORMATION_FORMAT = "dwarf-with-dsym";
				DYLIB_COMPATIBILITY_VERSION = 1;
				DYLIB_CURRENT_VERSION = 1;
				ENABLE_NS_ASSERTIONS = NO;
				FRAMEWORK_VERSION = A;
				GCC_C_LANGUAGE_STANDARD = gnu99;
				GCC_ENABLE_OBJC_EXCEPTIONS = YES;
				GCC_WARN_64_TO_32_BIT_CONVERSION = YES;
				GCC_WARN_ABOUT_RETURN_TYPE = YES_ERROR;
				GCC_WARN_UNDECLARED_SELECTOR = YES;
				GCC_WARN_UNINITIALIZED_AUTOS = YES;
				GCC_WARN_UNUSED_FUNCTION = YES;
				GCC_WARN_UNUSED_VARIABLE = YES;
				INFOPLIST_FILE = "CGIJSONObject/CGIJSONObject-Info.plist";
				MACOSX_DEPLOYMENT_TARGET = 10.9;
				PRODUCT_NAME = "$(TARGET_NAME)";
				SDKROOT = macosx;
				WRAPPER_EXTENSION = framework;
			};
			name = Release;
		};
/* End XCBuildConfiguration section */

/* Begin XCConfigurationList section */
		1D091F26177D2284001BCCC6 /* Build configuration list for PBXNativeTarget "MobileJSONObject" */ = {
			isa = XCConfigurationList;
			buildConfigurations = (
				1D091F22177D2284001BCCC6 /* Debug */,
				1D091F23177D2284001BCCC6 /* Release */,
			);
			defaultConfigurationIsVisible = 0;
			defaultConfigurationName = Release;
		};
		1D72DA98175922FD0020E96C /* Build configuration list for PBXProject "CGIKit.E" */ = {
			isa = XCConfigurationList;
			buildConfigurations = (
				1D72DA99175922FD0020E96C /* Debug */,
				1D72DA9A175922FD0020E96C /* Release */,
			);
			defaultConfigurationIsVisible = 0;
			defaultConfigurationName = Release;
		};
		1D72DAB3175923090020E96C /* Build configuration list for PBXNativeTarget "CGIKit" */ = {
			isa = XCConfigurationList;
			buildConfigurations = (
				1D72DAB4175923090020E96C /* Debug */,
				1D72DAB5175923090020E96C /* Release */,
			);
			defaultConfigurationIsVisible = 0;
			defaultConfigurationName = Release;
		};
		1D72DAD1175942BB0020E96C /* Build configuration list for PBXNativeTarget "CGITest" */ = {
			isa = XCConfigurationList;
			buildConfigurations = (
				1D72DAD2175942BB0020E96C /* Debug */,
				1D72DAD3175942BB0020E96C /* Release */,
			);
			defaultConfigurationIsVisible = 0;
			defaultConfigurationName = Release;
		};
		1D72DAED175951020020E96C /* Build configuration list for PBXNativeTarget "CGISwagList" */ = {
			isa = XCConfigurationList;
			buildConfigurations = (
				1D72DAEE175951020020E96C /* Debug */,
				1D72DAEF175951020020E96C /* Release */,
			);
			defaultConfigurationIsVisible = 0;
			defaultConfigurationName = Release;
		};
		1D81FA2B178BA30A006AB2D0 /* Build configuration list for PBXNativeTarget "WebUIKit" */ = {
			isa = XCConfigurationList;
			buildConfigurations = (
				1D81FA27178BA30A006AB2D0 /* Debug */,
				1D81FA28178BA30A006AB2D0 /* Release */,
			);
			defaultConfigurationIsVisible = 0;
			defaultConfigurationName = Release;
		};
		1DA56E7D177C1B2B00EBE5DD /* Build configuration list for PBXNativeTarget "CGIJSONObject" */ = {
			isa = XCConfigurationList;
			buildConfigurations = (
				1DA56E79177C1B2B00EBE5DD /* Debug */,
				1DA56E7A177C1B2B00EBE5DD /* Release */,
			);
			defaultConfigurationIsVisible = 0;
			defaultConfigurationName = Release;
		};
/* End XCConfigurationList section */
	};
	rootObject = 1D72DA95175922FD0020E96C /* Project object */;
}
